// !$*UTF8*$!
{
	archiveVersion = 1;
	classes = {
	};
	objectVersion = 52;
	objects = {

/* Begin PBXBuildFile section */
		8106A01624FB948C009A1E84 /* WatchSizeHelper.swift in Sources */ = {isa = PBXBuildFile; fileRef = 8106A01524FB948C009A1E84 /* WatchSizeHelper.swift */; };
		8106A01A24FBAE42009A1E84 /* ComplicationView.swift in Sources */ = {isa = PBXBuildFile; fileRef = 8106A01924FBAE42009A1E84 /* ComplicationView.swift */; };
		8108112124C2EB95005D7C85 /* Tests_iOS.swift in Sources */ = {isa = PBXBuildFile; fileRef = 8108112024C2EB95005D7C85 /* Tests_iOS.swift */; };
		8108112C24C2EB95005D7C85 /* Tests_macOS.swift in Sources */ = {isa = PBXBuildFile; fileRef = 8108112B24C2EB95005D7C85 /* Tests_macOS.swift */; };
		8108112E24C2EB95005D7C85 /* App.swift in Sources */ = {isa = PBXBuildFile; fileRef = 8108110524C2EB94005D7C85 /* App.swift */; };
		8108113224C2EB95005D7C85 /* Assets.xcassets in Resources */ = {isa = PBXBuildFile; fileRef = 8108110724C2EB95005D7C85 /* Assets.xcassets */; };
		8108113324C2EB95005D7C85 /* Assets.xcassets in Resources */ = {isa = PBXBuildFile; fileRef = 8108110724C2EB95005D7C85 /* Assets.xcassets */; };
		8108114624C2ED2A005D7C85 /* AppState.swift in Sources */ = {isa = PBXBuildFile; fileRef = 8108114524C2ED2A005D7C85 /* AppState.swift */; };
		8121750B24C54DCA00A2983B /* Date+Tests.swift in Sources */ = {isa = PBXBuildFile; fileRef = 8121750A24C54DCA00A2983B /* Date+Tests.swift */; };
		8121750C24C54DCA00A2983B /* Date+Tests.swift in Sources */ = {isa = PBXBuildFile; fileRef = 8121750A24C54DCA00A2983B /* Date+Tests.swift */; };
		8121750E24C54DDA00A2983B /* Date+.swift in Sources */ = {isa = PBXBuildFile; fileRef = 8121750D24C54DDA00A2983B /* Date+.swift */; };
		8121750F24C54DDA00A2983B /* Date+.swift in Sources */ = {isa = PBXBuildFile; fileRef = 8121750D24C54DDA00A2983B /* Date+.swift */; };
		8126A27224E967650038A4C0 /* WeekDay.swift in Sources */ = {isa = PBXBuildFile; fileRef = 81EA994124E6CECA000457CE /* WeekDay.swift */; };
		8126A27624E968700038A4C0 /* SettingsActions.swift in Sources */ = {isa = PBXBuildFile; fileRef = 81EA993A24E6CC8F000457CE /* SettingsActions.swift */; };
		8126A27724E968700038A4C0 /* TimeState.swift in Sources */ = {isa = PBXBuildFile; fileRef = 81EFC54E24C6031F00245E73 /* TimeState.swift */; };
		8126A27824E968700038A4C0 /* TimeReducer.swift in Sources */ = {isa = PBXBuildFile; fileRef = 81EFC55124C6032700245E73 /* TimeReducer.swift */; };
		8126A27924E968700038A4C0 /* GlobalMiddleware.swift in Sources */ = {isa = PBXBuildFile; fileRef = 81EFC55724C6036700245E73 /* GlobalMiddleware.swift */; };
		8126A27A24E968700038A4C0 /* SettingsState.swift in Sources */ = {isa = PBXBuildFile; fileRef = 81EA993624E6CC81000457CE /* SettingsState.swift */; };
		8126A27B24E968700038A4C0 /* SettingsReducer.swift in Sources */ = {isa = PBXBuildFile; fileRef = 81EA993824E6CC88000457CE /* SettingsReducer.swift */; };
		8126A27C24E968700038A4C0 /* AppState.swift in Sources */ = {isa = PBXBuildFile; fileRef = 8108114524C2ED2A005D7C85 /* AppState.swift */; };
		8126A27D24E968700038A4C0 /* TimeActions.swift in Sources */ = {isa = PBXBuildFile; fileRef = 81EFC55424C6032F00245E73 /* TimeActions.swift */; };
		8126A27E24E969F60038A4C0 /* ArcView.swift in Sources */ = {isa = PBXBuildFile; fileRef = 81FA384324C87CCC004AF914 /* ArcView.swift */; };
		8126A28324E997D90038A4C0 /* SwiftUIFlux in Frameworks */ = {isa = PBXBuildFile; productRef = 8126A28224E997D90038A4C0 /* SwiftUIFlux */; };
		812973B72517826200408C86 /* Color+.swift in Sources */ = {isa = PBXBuildFile; fileRef = 812973B62517826100408C86 /* Color+.swift */; };
		812973B82517826200408C86 /* Color+.swift in Sources */ = {isa = PBXBuildFile; fileRef = 812973B62517826100408C86 /* Color+.swift */; };
		812973B92517826200408C86 /* Color+.swift in Sources */ = {isa = PBXBuildFile; fileRef = 812973B62517826100408C86 /* Color+.swift */; };
		812973BA2517826200408C86 /* Color+.swift in Sources */ = {isa = PBXBuildFile; fileRef = 812973B62517826100408C86 /* Color+.swift */; };
		812973BB2517826200408C86 /* Color+.swift in Sources */ = {isa = PBXBuildFile; fileRef = 812973B62517826100408C86 /* Color+.swift */; };
		812973C42517858800408C86 /* VisualEffectView.swift in Sources */ = {isa = PBXBuildFile; fileRef = 812973C32517858800408C86 /* VisualEffectView.swift */; };
		81408CF624FA926000EB76E5 /* AppToWatchData.swift in Sources */ = {isa = PBXBuildFile; fileRef = 81408CF524FA926000EB76E5 /* AppToWatchData.swift */; };
		81408CF724FA926700EB76E5 /* AppToWatchData.swift in Sources */ = {isa = PBXBuildFile; fileRef = 81408CF524FA926000EB76E5 /* AppToWatchData.swift */; };
		8149676D251786D400BD8040 /* TimeEntryEditView.swift in Sources */ = {isa = PBXBuildFile; fileRef = 8149675D2517868A00BD8040 /* TimeEntryEditView.swift */; };
		814967762517870800BD8040 /* TimeEntryListView.swift in Sources */ = {isa = PBXBuildFile; fileRef = 814967752517870800BD8040 /* TimeEntryListView.swift */; };
		8149A4B42501921800A65C36 /* CodableColor.swift in Sources */ = {isa = PBXBuildFile; fileRef = 8149A4B32501921800A65C36 /* CodableColor.swift */; };
		8149A4B52501921800A65C36 /* CodableColor.swift in Sources */ = {isa = PBXBuildFile; fileRef = 8149A4B32501921800A65C36 /* CodableColor.swift */; };
		8149A4B62501921800A65C36 /* CodableColor.swift in Sources */ = {isa = PBXBuildFile; fileRef = 8149A4B32501921800A65C36 /* CodableColor.swift */; };
		8149A4B72501921800A65C36 /* CodableColor.swift in Sources */ = {isa = PBXBuildFile; fileRef = 8149A4B32501921800A65C36 /* CodableColor.swift */; };
		8149A4B82501921800A65C36 /* CodableColor.swift in Sources */ = {isa = PBXBuildFile; fileRef = 8149A4B32501921800A65C36 /* CodableColor.swift */; };
		8163530924E8FAD7003BC688 /* WidgetKit.framework in Frameworks */ = {isa = PBXBuildFile; fileRef = 816352F024E8F8FA003BC688 /* WidgetKit.framework */; };
		8163530A24E8FAD7003BC688 /* SwiftUI.framework in Frameworks */ = {isa = PBXBuildFile; fileRef = 816352F224E8F8FA003BC688 /* SwiftUI.framework */; };
		8163530F24E8FAD8003BC688 /* Assets.xcassets in Resources */ = {isa = PBXBuildFile; fileRef = 8163530E24E8FAD8003BC688 /* Assets.xcassets */; };
		8163531324E8FAD8003BC688 /* widgetExtension.appex in Embed App Extensions */ = {isa = PBXBuildFile; fileRef = 8163530824E8FAD7003BC688 /* widgetExtension.appex */; settings = {ATTRIBUTES = (RemoveHeadersOnCopy, ); }; };
		8163531824E8FAFB003BC688 /* TimerWidget.swift in Sources */ = {isa = PBXBuildFile; fileRef = 8163531724E8FAFB003BC688 /* TimerWidget.swift */; };
		8163531924E8FBE7003BC688 /* ArcView.swift in Sources */ = {isa = PBXBuildFile; fileRef = 81FA384324C87CCC004AF914 /* ArcView.swift */; };
		8163531B24E8FCC5003BC688 /* Date+.swift in Sources */ = {isa = PBXBuildFile; fileRef = 8121750D24C54DDA00A2983B /* Date+.swift */; };
		8163531C24E8FCD3003BC688 /* TimeEntry.swift in Sources */ = {isa = PBXBuildFile; fileRef = 81EFC53C24C55BFF00245E73 /* TimeEntry.swift */; };
		816833E124C821A400DE7CCC /* CalendarView.swift in Sources */ = {isa = PBXBuildFile; fileRef = 816833E024C821A400DE7CCC /* CalendarView.swift */; };
		816B430A25153BDF003EFE52 /* ListView.swift in Sources */ = {isa = PBXBuildFile; fileRef = 816B430925153BDF003EFE52 /* ListView.swift */; };
		816B43212515442A003EFE52 /* Localizable.strings in Resources */ = {isa = PBXBuildFile; fileRef = 81BFBD352515300B007636B2 /* Localizable.strings */; };
		8187C72724FA9F13008228AC /* WatchState.swift in Sources */ = {isa = PBXBuildFile; fileRef = 8187C72624FA9F13008228AC /* WatchState.swift */; };
		8187C72924FA9F69008228AC /* SwiftUIFlux in Frameworks */ = {isa = PBXBuildFile; productRef = 8187C72824FA9F69008228AC /* SwiftUIFlux */; };
		8189E6C824FAA8AD008FEFF7 /* WatchActions.swift in Sources */ = {isa = PBXBuildFile; fileRef = 8189E6C724FAA8AD008FEFF7 /* WatchActions.swift */; };
		8189E6CA24FAA8B7008FEFF7 /* WatchMiddleware.swift in Sources */ = {isa = PBXBuildFile; fileRef = 8189E6C924FAA8B7008FEFF7 /* WatchMiddleware.swift */; };
		8189E6CC24FAA8DE008FEFF7 /* WatchReducer.swift in Sources */ = {isa = PBXBuildFile; fileRef = 8189E6CB24FAA8DE008FEFF7 /* WatchReducer.swift */; };
		81A3DD2A24C77FBF00D992E2 /* EntryDetailsView.swift in Sources */ = {isa = PBXBuildFile; fileRef = 81A3DD2924C77FBF00D992E2 /* EntryDetailsView.swift */; };
		81BDF27F25149BEC00B7C306 /* WatchCommunicator.swift in Sources */ = {isa = PBXBuildFile; fileRef = 81BDF27E25149BEC00B7C306 /* WatchCommunicator.swift */; };
		81BDF28825149C2400B7C306 /* AppCommunicator.swift in Sources */ = {isa = PBXBuildFile; fileRef = 81BDF28725149C2400B7C306 /* AppCommunicator.swift */; };
		81BFBD332515300B007636B2 /* Localizable.strings in Resources */ = {isa = PBXBuildFile; fileRef = 81BFBD352515300B007636B2 /* Localizable.strings */; };
		81C057CA24F29B2B0010DAA1 /* WidgetData.swift in Sources */ = {isa = PBXBuildFile; fileRef = 81C057C924F29B2B0010DAA1 /* WidgetData.swift */; };
		81C057CB24F29B350010DAA1 /* WidgetData.swift in Sources */ = {isa = PBXBuildFile; fileRef = 81C057C924F29B2B0010DAA1 /* WidgetData.swift */; };
		81C057D124F2AE6E0010DAA1 /* Assets.xcassets in Resources */ = {isa = PBXBuildFile; fileRef = 81C057D024F2AE6E0010DAA1 /* Assets.xcassets */; };
		81C057D824F2AE6E0010DAA1 /* watch Extension.appex in Embed App Extensions */ = {isa = PBXBuildFile; fileRef = 81C057D724F2AE6E0010DAA1 /* watch Extension.appex */; settings = {ATTRIBUTES = (RemoveHeadersOnCopy, ); }; };
		81C057DD24F2AE6E0010DAA1 /* WatchApp.swift in Sources */ = {isa = PBXBuildFile; fileRef = 81C057DC24F2AE6E0010DAA1 /* WatchApp.swift */; };
		81C057DF24F2AE6E0010DAA1 /* ContentView.swift in Sources */ = {isa = PBXBuildFile; fileRef = 81C057DE24F2AE6E0010DAA1 /* ContentView.swift */; };
		81C057E124F2AE6E0010DAA1 /* NotificationController.swift in Sources */ = {isa = PBXBuildFile; fileRef = 81C057E024F2AE6E0010DAA1 /* NotificationController.swift */; };
		81C057E324F2AE6E0010DAA1 /* NotificationView.swift in Sources */ = {isa = PBXBuildFile; fileRef = 81C057E224F2AE6E0010DAA1 /* NotificationView.swift */; };
		81C057E524F2AE6E0010DAA1 /* ComplicationController.swift in Sources */ = {isa = PBXBuildFile; fileRef = 81C057E424F2AE6E0010DAA1 /* ComplicationController.swift */; };
		81C057E724F2AE6F0010DAA1 /* Assets.xcassets in Resources */ = {isa = PBXBuildFile; fileRef = 81C057E624F2AE6F0010DAA1 /* Assets.xcassets */; };
		81C057EA24F2AE6F0010DAA1 /* Preview Assets.xcassets in Resources */ = {isa = PBXBuildFile; fileRef = 81C057E924F2AE6F0010DAA1 /* Preview Assets.xcassets */; };
		81C057EF24F2AE6F0010DAA1 /* watch.app in Embed Watch Content */ = {isa = PBXBuildFile; fileRef = 81C057CE24F2AE6D0010DAA1 /* watch.app */; settings = {ATTRIBUTES = (RemoveHeadersOnCopy, ); }; };
		81C057F824F2B4640010DAA1 /* ArcView.swift in Sources */ = {isa = PBXBuildFile; fileRef = 81FA384324C87CCC004AF914 /* ArcView.swift */; };
		81C057F924F2B4770010DAA1 /* Date+.swift in Sources */ = {isa = PBXBuildFile; fileRef = 8121750D24C54DDA00A2983B /* Date+.swift */; };
		81C057FA24F2B4A40010DAA1 /* TimeEntry.swift in Sources */ = {isa = PBXBuildFile; fileRef = 81EFC53C24C55BFF00245E73 /* TimeEntry.swift */; };
		81DD520424C2F3A40039C792 /* SwiftUIFlux in Frameworks */ = {isa = PBXBuildFile; productRef = 81DD520324C2F3A40039C792 /* SwiftUIFlux */; };
		81EA993724E6CC81000457CE /* SettingsState.swift in Sources */ = {isa = PBXBuildFile; fileRef = 81EA993624E6CC81000457CE /* SettingsState.swift */; };
		81EA993924E6CC88000457CE /* SettingsReducer.swift in Sources */ = {isa = PBXBuildFile; fileRef = 81EA993824E6CC88000457CE /* SettingsReducer.swift */; };
		81EA993B24E6CC8F000457CE /* SettingsActions.swift in Sources */ = {isa = PBXBuildFile; fileRef = 81EA993A24E6CC8F000457CE /* SettingsActions.swift */; };
		81EA994024E6CDED000457CE /* SettingsView.swift in Sources */ = {isa = PBXBuildFile; fileRef = 81EA993F24E6CDED000457CE /* SettingsView.swift */; };
		81EA994224E6CECA000457CE /* WeekDay.swift in Sources */ = {isa = PBXBuildFile; fileRef = 81EA994124E6CECA000457CE /* WeekDay.swift */; };
		81EFC53B24C5588700245E73 /* Date+.swift in Sources */ = {isa = PBXBuildFile; fileRef = 8121750D24C54DDA00A2983B /* Date+.swift */; };
		81EFC53D24C55BFF00245E73 /* TimeEntry.swift in Sources */ = {isa = PBXBuildFile; fileRef = 81EFC53C24C55BFF00245E73 /* TimeEntry.swift */; };
		81EFC53E24C55BFF00245E73 /* TimeEntry.swift in Sources */ = {isa = PBXBuildFile; fileRef = 81EFC53C24C55BFF00245E73 /* TimeEntry.swift */; };
		81EFC54224C55CA500245E73 /* TimeEntryTests.swift in Sources */ = {isa = PBXBuildFile; fileRef = 81EFC53F24C55C3A00245E73 /* TimeEntryTests.swift */; };
		81EFC54324C55CA500245E73 /* TimeEntryTests.swift in Sources */ = {isa = PBXBuildFile; fileRef = 81EFC53F24C55C3A00245E73 /* TimeEntryTests.swift */; };
		81EFC54424C55CA900245E73 /* TimeEntry.swift in Sources */ = {isa = PBXBuildFile; fileRef = 81EFC53C24C55BFF00245E73 /* TimeEntry.swift */; };
		81EFC54524C58E7A00245E73 /* TimerView.swift in Sources */ = {isa = PBXBuildFile; fileRef = 8108110624C2EB94005D7C85 /* TimerView.swift */; };
		81EFC54724C58FB900245E73 /* ContentView.swift in Sources */ = {isa = PBXBuildFile; fileRef = 81EFC54624C58FB900245E73 /* ContentView.swift */; };
		81EFC54A24C602DD00245E73 /* TimeReducerTests.swift in Sources */ = {isa = PBXBuildFile; fileRef = 81EFC54924C602DD00245E73 /* TimeReducerTests.swift */; };
		81EFC54F24C6031F00245E73 /* TimeState.swift in Sources */ = {isa = PBXBuildFile; fileRef = 81EFC54E24C6031F00245E73 /* TimeState.swift */; };
		81EFC55224C6032700245E73 /* TimeReducer.swift in Sources */ = {isa = PBXBuildFile; fileRef = 81EFC55124C6032700245E73 /* TimeReducer.swift */; };
		81EFC55524C6032F00245E73 /* TimeActions.swift in Sources */ = {isa = PBXBuildFile; fileRef = 81EFC55424C6032F00245E73 /* TimeActions.swift */; };
		81EFC55824C6036700245E73 /* GlobalMiddleware.swift in Sources */ = {isa = PBXBuildFile; fileRef = 81EFC55724C6036700245E73 /* GlobalMiddleware.swift */; };
		81EFC55C24C603EC00245E73 /* OverviewView.swift in Sources */ = {isa = PBXBuildFile; fileRef = 81EFC55B24C603EC00245E73 /* OverviewView.swift */; };
		81F6E16C24F96423008EA1F3 /* MultipleValuesPickerView.swift in Sources */ = {isa = PBXBuildFile; fileRef = 81F6E16B24F96423008EA1F3 /* MultipleValuesPickerView.swift */; };
		81FA384124C83522004AF914 /* Playground.swift in Sources */ = {isa = PBXBuildFile; fileRef = 81FA384024C83522004AF914 /* Playground.swift */; };
		81FA384424C87CCC004AF914 /* ArcView.swift in Sources */ = {isa = PBXBuildFile; fileRef = 81FA384324C87CCC004AF914 /* ArcView.swift */; };
		81FC7160250A2C50006AF590 /* AnimatableSystemFontModifier.swift in Sources */ = {isa = PBXBuildFile; fileRef = 81FC715F250A2C50006AF590 /* AnimatableSystemFontModifier.swift */; };
		81FC7161250A2C50006AF590 /* AnimatableSystemFontModifier.swift in Sources */ = {isa = PBXBuildFile; fileRef = 81FC715F250A2C50006AF590 /* AnimatableSystemFontModifier.swift */; };
		81FC7162250A2C50006AF590 /* AnimatableSystemFontModifier.swift in Sources */ = {isa = PBXBuildFile; fileRef = 81FC715F250A2C50006AF590 /* AnimatableSystemFontModifier.swift */; };
		81FC7163250A2C50006AF590 /* AnimatableSystemFontModifier.swift in Sources */ = {isa = PBXBuildFile; fileRef = 81FC715F250A2C50006AF590 /* AnimatableSystemFontModifier.swift */; };
		81FC7164250A2C50006AF590 /* AnimatableSystemFontModifier.swift in Sources */ = {isa = PBXBuildFile; fileRef = 81FC715F250A2C50006AF590 /* AnimatableSystemFontModifier.swift */; };
/* End PBXBuildFile section */

/* Begin PBXContainerItemProxy section */
		8108111D24C2EB95005D7C85 /* PBXContainerItemProxy */ = {
			isa = PBXContainerItemProxy;
			containerPortal = 8108110024C2EB94005D7C85 /* Project object */;
			proxyType = 1;
			remoteGlobalIDString = 8108110B24C2EB95005D7C85;
			remoteInfo = "timetracker (iOS)";
		};
		8108112824C2EB95005D7C85 /* PBXContainerItemProxy */ = {
			isa = PBXContainerItemProxy;
			containerPortal = 8108110024C2EB94005D7C85 /* Project object */;
			proxyType = 1;
			remoteGlobalIDString = 8108111324C2EB95005D7C85;
			remoteInfo = "timetracker (macOS)";
		};
		8163531124E8FAD8003BC688 /* PBXContainerItemProxy */ = {
			isa = PBXContainerItemProxy;
			containerPortal = 8108110024C2EB94005D7C85 /* Project object */;
			proxyType = 1;
			remoteGlobalIDString = 8163530724E8FAD7003BC688;
			remoteInfo = widgetExtension;
		};
		81C057D924F2AE6E0010DAA1 /* PBXContainerItemProxy */ = {
			isa = PBXContainerItemProxy;
			containerPortal = 8108110024C2EB94005D7C85 /* Project object */;
			proxyType = 1;
			remoteGlobalIDString = 81C057D624F2AE6E0010DAA1;
			remoteInfo = "watch Extension";
		};
		81C057ED24F2AE6F0010DAA1 /* PBXContainerItemProxy */ = {
			isa = PBXContainerItemProxy;
			containerPortal = 8108110024C2EB94005D7C85 /* Project object */;
			proxyType = 1;
			remoteGlobalIDString = 81C057CD24F2AE6D0010DAA1;
			remoteInfo = watch;
		};
/* End PBXContainerItemProxy section */

/* Begin PBXCopyFilesBuildPhase section */
		8163530024E8F8FC003BC688 /* Embed App Extensions */ = {
			isa = PBXCopyFilesBuildPhase;
			buildActionMask = 2147483647;
			dstPath = "";
			dstSubfolderSpec = 13;
			files = (
				8163531324E8FAD8003BC688 /* widgetExtension.appex in Embed App Extensions */,
			);
			name = "Embed App Extensions";
			runOnlyForDeploymentPostprocessing = 0;
		};
		81C057F324F2AE6F0010DAA1 /* Embed App Extensions */ = {
			isa = PBXCopyFilesBuildPhase;
			buildActionMask = 2147483647;
			dstPath = "";
			dstSubfolderSpec = 13;
			files = (
				81C057D824F2AE6E0010DAA1 /* watch Extension.appex in Embed App Extensions */,
			);
			name = "Embed App Extensions";
			runOnlyForDeploymentPostprocessing = 0;
		};
		81C057F724F2AE6F0010DAA1 /* Embed Watch Content */ = {
			isa = PBXCopyFilesBuildPhase;
			buildActionMask = 2147483647;
			dstPath = "$(CONTENTS_FOLDER_PATH)/Watch";
			dstSubfolderSpec = 16;
			files = (
				81C057EF24F2AE6F0010DAA1 /* watch.app in Embed Watch Content */,
			);
			name = "Embed Watch Content";
			runOnlyForDeploymentPostprocessing = 0;
		};
/* End PBXCopyFilesBuildPhase section */

/* Begin PBXFileReference section */
		8106A01524FB948C009A1E84 /* WatchSizeHelper.swift */ = {isa = PBXFileReference; lastKnownFileType = sourcecode.swift; path = WatchSizeHelper.swift; sourceTree = "<group>"; };
		8106A01924FBAE42009A1E84 /* ComplicationView.swift */ = {isa = PBXFileReference; lastKnownFileType = sourcecode.swift; path = ComplicationView.swift; sourceTree = "<group>"; };
		8108110524C2EB94005D7C85 /* App.swift */ = {isa = PBXFileReference; lastKnownFileType = sourcecode.swift; path = App.swift; sourceTree = "<group>"; };
		8108110624C2EB94005D7C85 /* TimerView.swift */ = {isa = PBXFileReference; lastKnownFileType = sourcecode.swift; path = TimerView.swift; sourceTree = "<group>"; };
		8108110724C2EB95005D7C85 /* Assets.xcassets */ = {isa = PBXFileReference; lastKnownFileType = folder.assetcatalog; path = Assets.xcassets; sourceTree = "<group>"; };
		8108110C24C2EB95005D7C85 /* timetracker.app */ = {isa = PBXFileReference; explicitFileType = wrapper.application; includeInIndex = 0; path = timetracker.app; sourceTree = BUILT_PRODUCTS_DIR; };
		8108110F24C2EB95005D7C85 /* Info.plist */ = {isa = PBXFileReference; lastKnownFileType = text.plist.xml; path = Info.plist; sourceTree = "<group>"; };
		8108111424C2EB95005D7C85 /* timetracker.app */ = {isa = PBXFileReference; explicitFileType = wrapper.application; includeInIndex = 0; path = timetracker.app; sourceTree = BUILT_PRODUCTS_DIR; };
		8108111624C2EB95005D7C85 /* Info.plist */ = {isa = PBXFileReference; lastKnownFileType = text.plist.xml; path = Info.plist; sourceTree = "<group>"; };
		8108111724C2EB95005D7C85 /* macOS.entitlements */ = {isa = PBXFileReference; lastKnownFileType = text.plist.entitlements; path = macOS.entitlements; sourceTree = "<group>"; };
		8108111C24C2EB95005D7C85 /* Tests iOS.xctest */ = {isa = PBXFileReference; explicitFileType = wrapper.cfbundle; includeInIndex = 0; path = "Tests iOS.xctest"; sourceTree = BUILT_PRODUCTS_DIR; };
		8108112024C2EB95005D7C85 /* Tests_iOS.swift */ = {isa = PBXFileReference; lastKnownFileType = sourcecode.swift; path = Tests_iOS.swift; sourceTree = "<group>"; };
		8108112224C2EB95005D7C85 /* Info.plist */ = {isa = PBXFileReference; lastKnownFileType = text.plist.xml; path = Info.plist; sourceTree = "<group>"; };
		8108112724C2EB95005D7C85 /* Tests macOS.xctest */ = {isa = PBXFileReference; explicitFileType = wrapper.cfbundle; includeInIndex = 0; path = "Tests macOS.xctest"; sourceTree = BUILT_PRODUCTS_DIR; };
		8108112B24C2EB95005D7C85 /* Tests_macOS.swift */ = {isa = PBXFileReference; lastKnownFileType = sourcecode.swift; path = Tests_macOS.swift; sourceTree = "<group>"; };
		8108112D24C2EB95005D7C85 /* Info.plist */ = {isa = PBXFileReference; lastKnownFileType = text.plist.xml; path = Info.plist; sourceTree = "<group>"; };
		8108114524C2ED2A005D7C85 /* AppState.swift */ = {isa = PBXFileReference; lastKnownFileType = sourcecode.swift; path = AppState.swift; sourceTree = "<group>"; };
		8121750A24C54DCA00A2983B /* Date+Tests.swift */ = {isa = PBXFileReference; lastKnownFileType = sourcecode.swift; path = "Date+Tests.swift"; sourceTree = "<group>"; };
		8121750D24C54DDA00A2983B /* Date+.swift */ = {isa = PBXFileReference; lastKnownFileType = sourcecode.swift; path = "Date+.swift"; sourceTree = "<group>"; };
		8126A28024E96B440038A4C0 /* widgetExtension.entitlements */ = {isa = PBXFileReference; lastKnownFileType = text.plist.entitlements; path = widgetExtension.entitlements; sourceTree = "<group>"; };
		8126A28124E96B930038A4C0 /* timetracker.entitlements */ = {isa = PBXFileReference; lastKnownFileType = text.plist.entitlements; path = timetracker.entitlements; sourceTree = "<group>"; };
		812973B62517826100408C86 /* Color+.swift */ = {isa = PBXFileReference; lastKnownFileType = sourcecode.swift; path = "Color+.swift"; sourceTree = "<group>"; };
		812973C32517858800408C86 /* VisualEffectView.swift */ = {isa = PBXFileReference; lastKnownFileType = sourcecode.swift; path = VisualEffectView.swift; sourceTree = "<group>"; };
		81408CF524FA926000EB76E5 /* AppToWatchData.swift */ = {isa = PBXFileReference; lastKnownFileType = sourcecode.swift; path = AppToWatchData.swift; sourceTree = "<group>"; };
		8149675D2517868A00BD8040 /* TimeEntryEditView.swift */ = {isa = PBXFileReference; lastKnownFileType = sourcecode.swift; path = TimeEntryEditView.swift; sourceTree = "<group>"; };
		814967752517870800BD8040 /* TimeEntryListView.swift */ = {isa = PBXFileReference; lastKnownFileType = sourcecode.swift; path = TimeEntryListView.swift; sourceTree = "<group>"; };
		8149A4B32501921800A65C36 /* CodableColor.swift */ = {isa = PBXFileReference; lastKnownFileType = sourcecode.swift; path = CodableColor.swift; sourceTree = "<group>"; };
		816352F024E8F8FA003BC688 /* WidgetKit.framework */ = {isa = PBXFileReference; lastKnownFileType = wrapper.framework; name = WidgetKit.framework; path = System/Library/Frameworks/WidgetKit.framework; sourceTree = SDKROOT; };
		816352F224E8F8FA003BC688 /* SwiftUI.framework */ = {isa = PBXFileReference; lastKnownFileType = wrapper.framework; name = SwiftUI.framework; path = System/Library/Frameworks/SwiftUI.framework; sourceTree = SDKROOT; };
		8163530824E8FAD7003BC688 /* widgetExtension.appex */ = {isa = PBXFileReference; explicitFileType = "wrapper.app-extension"; includeInIndex = 0; path = widgetExtension.appex; sourceTree = BUILT_PRODUCTS_DIR; };
		8163530E24E8FAD8003BC688 /* Assets.xcassets */ = {isa = PBXFileReference; lastKnownFileType = folder.assetcatalog; path = Assets.xcassets; sourceTree = "<group>"; };
		8163531024E8FAD8003BC688 /* Info.plist */ = {isa = PBXFileReference; lastKnownFileType = text.plist.xml; path = Info.plist; sourceTree = "<group>"; };
		8163531724E8FAFB003BC688 /* TimerWidget.swift */ = {isa = PBXFileReference; fileEncoding = 4; lastKnownFileType = sourcecode.swift; path = TimerWidget.swift; sourceTree = "<group>"; };
		816833E024C821A400DE7CCC /* CalendarView.swift */ = {isa = PBXFileReference; lastKnownFileType = sourcecode.swift; path = CalendarView.swift; sourceTree = "<group>"; };
		816B430925153BDF003EFE52 /* ListView.swift */ = {isa = PBXFileReference; lastKnownFileType = sourcecode.swift; path = ListView.swift; sourceTree = "<group>"; };
		8187C72624FA9F13008228AC /* WatchState.swift */ = {isa = PBXFileReference; lastKnownFileType = sourcecode.swift; path = WatchState.swift; sourceTree = "<group>"; };
		8189E6C724FAA8AD008FEFF7 /* WatchActions.swift */ = {isa = PBXFileReference; lastKnownFileType = sourcecode.swift; path = WatchActions.swift; sourceTree = "<group>"; };
		8189E6C924FAA8B7008FEFF7 /* WatchMiddleware.swift */ = {isa = PBXFileReference; lastKnownFileType = sourcecode.swift; path = WatchMiddleware.swift; sourceTree = "<group>"; };
		8189E6CB24FAA8DE008FEFF7 /* WatchReducer.swift */ = {isa = PBXFileReference; lastKnownFileType = sourcecode.swift; path = WatchReducer.swift; sourceTree = "<group>"; };
		81A3DD2924C77FBF00D992E2 /* EntryDetailsView.swift */ = {isa = PBXFileReference; lastKnownFileType = sourcecode.swift; path = EntryDetailsView.swift; sourceTree = "<group>"; };
		81BDF27E25149BEC00B7C306 /* WatchCommunicator.swift */ = {isa = PBXFileReference; lastKnownFileType = sourcecode.swift; path = WatchCommunicator.swift; sourceTree = "<group>"; };
		81BDF28725149C2400B7C306 /* AppCommunicator.swift */ = {isa = PBXFileReference; lastKnownFileType = sourcecode.swift; path = AppCommunicator.swift; sourceTree = "<group>"; };
		81BFBD342515300B007636B2 /* en */ = {isa = PBXFileReference; lastKnownFileType = text.plist.strings; name = en; path = en.lproj/Localizable.strings; sourceTree = "<group>"; };
		81BFBD3D25153012007636B2 /* de */ = {isa = PBXFileReference; lastKnownFileType = text.plist.strings; name = de; path = de.lproj/Localizable.strings; sourceTree = "<group>"; };
		81C057C924F29B2B0010DAA1 /* WidgetData.swift */ = {isa = PBXFileReference; lastKnownFileType = sourcecode.swift; path = WidgetData.swift; sourceTree = "<group>"; };
		81C057CE24F2AE6D0010DAA1 /* watch.app */ = {isa = PBXFileReference; explicitFileType = wrapper.application; includeInIndex = 0; path = watch.app; sourceTree = BUILT_PRODUCTS_DIR; };
		81C057D024F2AE6E0010DAA1 /* Assets.xcassets */ = {isa = PBXFileReference; lastKnownFileType = folder.assetcatalog; path = Assets.xcassets; sourceTree = "<group>"; };
		81C057D224F2AE6E0010DAA1 /* Info.plist */ = {isa = PBXFileReference; lastKnownFileType = text.plist.xml; path = Info.plist; sourceTree = "<group>"; };
		81C057D724F2AE6E0010DAA1 /* watch Extension.appex */ = {isa = PBXFileReference; explicitFileType = "wrapper.app-extension"; includeInIndex = 0; path = "watch Extension.appex"; sourceTree = BUILT_PRODUCTS_DIR; };
		81C057DC24F2AE6E0010DAA1 /* WatchApp.swift */ = {isa = PBXFileReference; lastKnownFileType = sourcecode.swift; path = WatchApp.swift; sourceTree = "<group>"; };
		81C057DE24F2AE6E0010DAA1 /* ContentView.swift */ = {isa = PBXFileReference; lastKnownFileType = sourcecode.swift; path = ContentView.swift; sourceTree = "<group>"; };
		81C057E024F2AE6E0010DAA1 /* NotificationController.swift */ = {isa = PBXFileReference; lastKnownFileType = sourcecode.swift; path = NotificationController.swift; sourceTree = "<group>"; };
		81C057E224F2AE6E0010DAA1 /* NotificationView.swift */ = {isa = PBXFileReference; lastKnownFileType = sourcecode.swift; path = NotificationView.swift; sourceTree = "<group>"; };
		81C057E424F2AE6E0010DAA1 /* ComplicationController.swift */ = {isa = PBXFileReference; lastKnownFileType = sourcecode.swift; path = ComplicationController.swift; sourceTree = "<group>"; };
		81C057E624F2AE6F0010DAA1 /* Assets.xcassets */ = {isa = PBXFileReference; lastKnownFileType = folder.assetcatalog; path = Assets.xcassets; sourceTree = "<group>"; };
		81C057E924F2AE6F0010DAA1 /* Preview Assets.xcassets */ = {isa = PBXFileReference; lastKnownFileType = folder.assetcatalog; path = "Preview Assets.xcassets"; sourceTree = "<group>"; };
		81C057EB24F2AE6F0010DAA1 /* Info.plist */ = {isa = PBXFileReference; lastKnownFileType = text.plist.xml; path = Info.plist; sourceTree = "<group>"; };
		81C057EC24F2AE6F0010DAA1 /* PushNotificationPayload.apns */ = {isa = PBXFileReference; lastKnownFileType = text; path = PushNotificationPayload.apns; sourceTree = "<group>"; };
		81EA993624E6CC81000457CE /* SettingsState.swift */ = {isa = PBXFileReference; lastKnownFileType = sourcecode.swift; path = SettingsState.swift; sourceTree = "<group>"; };
		81EA993824E6CC88000457CE /* SettingsReducer.swift */ = {isa = PBXFileReference; lastKnownFileType = sourcecode.swift; path = SettingsReducer.swift; sourceTree = "<group>"; };
		81EA993A24E6CC8F000457CE /* SettingsActions.swift */ = {isa = PBXFileReference; lastKnownFileType = sourcecode.swift; path = SettingsActions.swift; sourceTree = "<group>"; };
		81EA993F24E6CDED000457CE /* SettingsView.swift */ = {isa = PBXFileReference; lastKnownFileType = sourcecode.swift; path = SettingsView.swift; sourceTree = "<group>"; };
		81EA994124E6CECA000457CE /* WeekDay.swift */ = {isa = PBXFileReference; lastKnownFileType = sourcecode.swift; path = WeekDay.swift; sourceTree = "<group>"; };
		81EFC53C24C55BFF00245E73 /* TimeEntry.swift */ = {isa = PBXFileReference; lastKnownFileType = sourcecode.swift; path = TimeEntry.swift; sourceTree = "<group>"; };
		81EFC53F24C55C3A00245E73 /* TimeEntryTests.swift */ = {isa = PBXFileReference; lastKnownFileType = sourcecode.swift; path = TimeEntryTests.swift; sourceTree = "<group>"; };
		81EFC54624C58FB900245E73 /* ContentView.swift */ = {isa = PBXFileReference; lastKnownFileType = sourcecode.swift; path = ContentView.swift; sourceTree = "<group>"; };
		81EFC54924C602DD00245E73 /* TimeReducerTests.swift */ = {isa = PBXFileReference; lastKnownFileType = sourcecode.swift; path = TimeReducerTests.swift; sourceTree = "<group>"; };
		81EFC54E24C6031F00245E73 /* TimeState.swift */ = {isa = PBXFileReference; lastKnownFileType = sourcecode.swift; path = TimeState.swift; sourceTree = "<group>"; };
		81EFC55124C6032700245E73 /* TimeReducer.swift */ = {isa = PBXFileReference; lastKnownFileType = sourcecode.swift; path = TimeReducer.swift; sourceTree = "<group>"; };
		81EFC55424C6032F00245E73 /* TimeActions.swift */ = {isa = PBXFileReference; lastKnownFileType = sourcecode.swift; path = TimeActions.swift; sourceTree = "<group>"; };
		81EFC55724C6036700245E73 /* GlobalMiddleware.swift */ = {isa = PBXFileReference; lastKnownFileType = sourcecode.swift; path = GlobalMiddleware.swift; sourceTree = "<group>"; };
		81EFC55B24C603EC00245E73 /* OverviewView.swift */ = {isa = PBXFileReference; lastKnownFileType = sourcecode.swift; path = OverviewView.swift; sourceTree = "<group>"; };
		81F6E16B24F96423008EA1F3 /* MultipleValuesPickerView.swift */ = {isa = PBXFileReference; lastKnownFileType = sourcecode.swift; path = MultipleValuesPickerView.swift; sourceTree = "<group>"; };
		81FA384024C83522004AF914 /* Playground.swift */ = {isa = PBXFileReference; lastKnownFileType = sourcecode.swift; path = Playground.swift; sourceTree = "<group>"; };
		81FA384324C87CCC004AF914 /* ArcView.swift */ = {isa = PBXFileReference; lastKnownFileType = sourcecode.swift; path = ArcView.swift; sourceTree = "<group>"; };
		81FC715F250A2C50006AF590 /* AnimatableSystemFontModifier.swift */ = {isa = PBXFileReference; lastKnownFileType = sourcecode.swift; path = AnimatableSystemFontModifier.swift; sourceTree = "<group>"; };
/* End PBXFileReference section */

/* Begin PBXFrameworksBuildPhase section */
		8108110924C2EB95005D7C85 /* Frameworks */ = {
			isa = PBXFrameworksBuildPhase;
			buildActionMask = 2147483647;
			files = (
				81DD520424C2F3A40039C792 /* SwiftUIFlux in Frameworks */,
			);
			runOnlyForDeploymentPostprocessing = 0;
		};
		8108111124C2EB95005D7C85 /* Frameworks */ = {
			isa = PBXFrameworksBuildPhase;
			buildActionMask = 2147483647;
			files = (
			);
			runOnlyForDeploymentPostprocessing = 0;
		};
		8108111924C2EB95005D7C85 /* Frameworks */ = {
			isa = PBXFrameworksBuildPhase;
			buildActionMask = 2147483647;
			files = (
			);
			runOnlyForDeploymentPostprocessing = 0;
		};
		8108112424C2EB95005D7C85 /* Frameworks */ = {
			isa = PBXFrameworksBuildPhase;
			buildActionMask = 2147483647;
			files = (
			);
			runOnlyForDeploymentPostprocessing = 0;
		};
		8163530524E8FAD7003BC688 /* Frameworks */ = {
			isa = PBXFrameworksBuildPhase;
			buildActionMask = 2147483647;
			files = (
				8163530A24E8FAD7003BC688 /* SwiftUI.framework in Frameworks */,
				8126A28324E997D90038A4C0 /* SwiftUIFlux in Frameworks */,
				8163530924E8FAD7003BC688 /* WidgetKit.framework in Frameworks */,
			);
			runOnlyForDeploymentPostprocessing = 0;
		};
		81C057D424F2AE6E0010DAA1 /* Frameworks */ = {
			isa = PBXFrameworksBuildPhase;
			buildActionMask = 2147483647;
			files = (
				8187C72924FA9F69008228AC /* SwiftUIFlux in Frameworks */,
			);
			runOnlyForDeploymentPostprocessing = 0;
		};
/* End PBXFrameworksBuildPhase section */

/* Begin PBXGroup section */
		8106A01424FB9478009A1E84 /* Extensions */ = {
			isa = PBXGroup;
			children = (
				8106A01524FB948C009A1E84 /* WatchSizeHelper.swift */,
			);
			path = Extensions;
			sourceTree = "<group>";
		};
		8106A01724FB94BA009A1E84 /* Notifications */ = {
			isa = PBXGroup;
			children = (
				81C057E024F2AE6E0010DAA1 /* NotificationController.swift */,
				81C057E224F2AE6E0010DAA1 /* NotificationView.swift */,
				81C057EC24F2AE6F0010DAA1 /* PushNotificationPayload.apns */,
			);
			path = Notifications;
			sourceTree = "<group>";
		};
		8106A01824FB94C5009A1E84 /* Complications */ = {
			isa = PBXGroup;
			children = (
				81C057E424F2AE6E0010DAA1 /* ComplicationController.swift */,
				8106A01924FBAE42009A1E84 /* ComplicationView.swift */,
			);
			path = Complications;
			sourceTree = "<group>";
		};
		810810FF24C2EB94005D7C85 = {
			isa = PBXGroup;
			children = (
				81BFBD352515300B007636B2 /* Localizable.strings */,
				8126A28124E96B930038A4C0 /* timetracker.entitlements */,
				8126A28024E96B440038A4C0 /* widgetExtension.entitlements */,
				81FA384024C83522004AF914 /* Playground.swift */,
				8108110424C2EB94005D7C85 /* Shared */,
				8108110E24C2EB95005D7C85 /* iOS */,
				8108111524C2EB95005D7C85 /* macOS */,
				8121750924C54D9500A2983B /* Tests Shared */,
				8108111F24C2EB95005D7C85 /* Tests iOS */,
				8108112A24C2EB95005D7C85 /* Tests macOS */,
				8163530B24E8FAD7003BC688 /* widget */,
				81C057CF24F2AE6D0010DAA1 /* watch */,
				81C057DB24F2AE6E0010DAA1 /* watch Extension */,
				816352EF24E8F8FA003BC688 /* Frameworks */,
				8108110D24C2EB95005D7C85 /* Products */,
			);
			sourceTree = "<group>";
		};
		8108110424C2EB94005D7C85 /* Shared */ = {
			isa = PBXGroup;
			children = (
				8126A26624E967260038A4C0 /* State */,
				81EA993E24E6CDD7000457CE /* Views */,
				8121751024C54DDE00A2983B /* Extensions */,
				81EFC55F24C6040500245E73 /* Models */,
			);
			path = Shared;
			sourceTree = "<group>";
		};
		8108110D24C2EB95005D7C85 /* Products */ = {
			isa = PBXGroup;
			children = (
				8108110C24C2EB95005D7C85 /* timetracker.app */,
				8108111424C2EB95005D7C85 /* timetracker.app */,
				8108111C24C2EB95005D7C85 /* Tests iOS.xctest */,
				8108112724C2EB95005D7C85 /* Tests macOS.xctest */,
				8163530824E8FAD7003BC688 /* widgetExtension.appex */,
				81C057CE24F2AE6D0010DAA1 /* watch.app */,
				81C057D724F2AE6E0010DAA1 /* watch Extension.appex */,
			);
			name = Products;
			sourceTree = "<group>";
		};
		8108110E24C2EB95005D7C85 /* iOS */ = {
			isa = PBXGroup;
			children = (
				81EFC54B24C602EC00245E73 /* Timer */,
				81EFC55A24C603B600245E73 /* Calendar */,
				816B42F925153B6A003EFE52 /* List */,
				816B42FA25153B74003EFE52 /* Statistics */,
				81EA993424E6CC69000457CE /* Settings */,
				8108110724C2EB95005D7C85 /* Assets.xcassets */,
				8108110524C2EB94005D7C85 /* App.swift */,
				81BDF27E25149BEC00B7C306 /* WatchCommunicator.swift */,
				81EFC54624C58FB900245E73 /* ContentView.swift */,
				8108110F24C2EB95005D7C85 /* Info.plist */,
			);
			path = iOS;
			sourceTree = "<group>";
		};
		8108111524C2EB95005D7C85 /* macOS */ = {
			isa = PBXGroup;
			children = (
				8108111624C2EB95005D7C85 /* Info.plist */,
				8108111724C2EB95005D7C85 /* macOS.entitlements */,
			);
			path = macOS;
			sourceTree = "<group>";
		};
		8108111F24C2EB95005D7C85 /* Tests iOS */ = {
			isa = PBXGroup;
			children = (
				8108112024C2EB95005D7C85 /* Tests_iOS.swift */,
				8108112224C2EB95005D7C85 /* Info.plist */,
			);
			path = "Tests iOS";
			sourceTree = "<group>";
		};
		8108112A24C2EB95005D7C85 /* Tests macOS */ = {
			isa = PBXGroup;
			children = (
				8108112B24C2EB95005D7C85 /* Tests_macOS.swift */,
				8108112D24C2EB95005D7C85 /* Info.plist */,
			);
			path = "Tests macOS";
			sourceTree = "<group>";
		};
		8121750924C54D9500A2983B /* Tests Shared */ = {
			isa = PBXGroup;
			children = (
				8121751124C54E0800A2983B /* Extensions */,
				81EFC53F24C55C3A00245E73 /* TimeEntryTests.swift */,
				81EFC54924C602DD00245E73 /* TimeReducerTests.swift */,
			);
			path = "Tests Shared";
			sourceTree = "<group>";
		};
		8121751024C54DDE00A2983B /* Extensions */ = {
			isa = PBXGroup;
			children = (
				8121750D24C54DDA00A2983B /* Date+.swift */,
				8149A4B32501921800A65C36 /* CodableColor.swift */,
				81FC715F250A2C50006AF590 /* AnimatableSystemFontModifier.swift */,
				812973B62517826100408C86 /* Color+.swift */,
			);
			path = Extensions;
			sourceTree = "<group>";
		};
		8121751124C54E0800A2983B /* Extensions */ = {
			isa = PBXGroup;
			children = (
				8121750A24C54DCA00A2983B /* Date+Tests.swift */,
			);
			path = Extensions;
			sourceTree = "<group>";
		};
		8126A26624E967260038A4C0 /* State */ = {
			isa = PBXGroup;
			children = (
				8108114524C2ED2A005D7C85 /* AppState.swift */,
				81EFC55724C6036700245E73 /* GlobalMiddleware.swift */,
				81EA993A24E6CC8F000457CE /* SettingsActions.swift */,
				81EA993824E6CC88000457CE /* SettingsReducer.swift */,
				81EA993624E6CC81000457CE /* SettingsState.swift */,
				81EFC55424C6032F00245E73 /* TimeActions.swift */,
				81EFC55124C6032700245E73 /* TimeReducer.swift */,
				81EFC54E24C6031F00245E73 /* TimeState.swift */,
			);
			path = State;
			sourceTree = "<group>";
		};
		816352EF24E8F8FA003BC688 /* Frameworks */ = {
			isa = PBXGroup;
			children = (
				816352F024E8F8FA003BC688 /* WidgetKit.framework */,
				816352F224E8F8FA003BC688 /* SwiftUI.framework */,
			);
			name = Frameworks;
			sourceTree = "<group>";
		};
		8163530B24E8FAD7003BC688 /* widget */ = {
			isa = PBXGroup;
			children = (
				8163531724E8FAFB003BC688 /* TimerWidget.swift */,
				81C057C924F29B2B0010DAA1 /* WidgetData.swift */,
				8163530E24E8FAD8003BC688 /* Assets.xcassets */,
				8163531024E8FAD8003BC688 /* Info.plist */,
			);
			path = widget;
			sourceTree = "<group>";
		};
		816B42F925153B6A003EFE52 /* List */ = {
			isa = PBXGroup;
			children = (
				816B430925153BDF003EFE52 /* ListView.swift */,
			);
			path = List;
			sourceTree = "<group>";
		};
		816B42FA25153B74003EFE52 /* Statistics */ = {
			isa = PBXGroup;
			children = (
			);
			path = Statistics;
			sourceTree = "<group>";
		};
		8187C72524FA9EFD008228AC /* State */ = {
			isa = PBXGroup;
			children = (
				8189E6C724FAA8AD008FEFF7 /* WatchActions.swift */,
				8189E6C924FAA8B7008FEFF7 /* WatchMiddleware.swift */,
				8189E6CB24FAA8DE008FEFF7 /* WatchReducer.swift */,
				8187C72624FA9F13008228AC /* WatchState.swift */,
			);
			path = State;
			sourceTree = "<group>";
		};
		81C057CF24F2AE6D0010DAA1 /* watch */ = {
			isa = PBXGroup;
			children = (
				81C057D024F2AE6E0010DAA1 /* Assets.xcassets */,
				81C057D224F2AE6E0010DAA1 /* Info.plist */,
			);
			path = watch;
			sourceTree = "<group>";
		};
		81C057DB24F2AE6E0010DAA1 /* watch Extension */ = {
			isa = PBXGroup;
			children = (
				8106A01824FB94C5009A1E84 /* Complications */,
				8106A01424FB9478009A1E84 /* Extensions */,
				8106A01724FB94BA009A1E84 /* Notifications */,
				8187C72524FA9EFD008228AC /* State */,
				81408CF524FA926000EB76E5 /* AppToWatchData.swift */,
				81C057E624F2AE6F0010DAA1 /* Assets.xcassets */,
				81C057DE24F2AE6E0010DAA1 /* ContentView.swift */,
				81C057EB24F2AE6F0010DAA1 /* Info.plist */,
				81C057DC24F2AE6E0010DAA1 /* WatchApp.swift */,
				81BDF28725149C2400B7C306 /* AppCommunicator.swift */,
				81C057E824F2AE6F0010DAA1 /* Preview Content */,
			);
			path = "watch Extension";
			sourceTree = "<group>";
		};
		81C057E824F2AE6F0010DAA1 /* Preview Content */ = {
			isa = PBXGroup;
			children = (
				81C057E924F2AE6F0010DAA1 /* Preview Assets.xcassets */,
			);
			path = "Preview Content";
			sourceTree = "<group>";
		};
		81EA993424E6CC69000457CE /* Settings */ = {
			isa = PBXGroup;
			children = (
				81EA993F24E6CDED000457CE /* SettingsView.swift */,
			);
			path = Settings;
			sourceTree = "<group>";
		};
		81EA993E24E6CDD7000457CE /* Views */ = {
			isa = PBXGroup;
			children = (
				81FA384324C87CCC004AF914 /* ArcView.swift */,
				81F6E16B24F96423008EA1F3 /* MultipleValuesPickerView.swift */,
				812973C32517858800408C86 /* VisualEffectView.swift */,
				8149675D2517868A00BD8040 /* TimeEntryEditView.swift */,
				814967752517870800BD8040 /* TimeEntryListView.swift */,
			);
			path = Views;
			sourceTree = "<group>";
		};
		81EFC54B24C602EC00245E73 /* Timer */ = {
			isa = PBXGroup;
			children = (
				8108110624C2EB94005D7C85 /* TimerView.swift */,
			);
			path = Timer;
			sourceTree = "<group>";
		};
		81EFC55A24C603B600245E73 /* Calendar */ = {
			isa = PBXGroup;
			children = (
				81EFC55B24C603EC00245E73 /* OverviewView.swift */,
				81A3DD2924C77FBF00D992E2 /* EntryDetailsView.swift */,
				816833E024C821A400DE7CCC /* CalendarView.swift */,
			);
			path = Calendar;
			sourceTree = "<group>";
		};
		81EFC55F24C6040500245E73 /* Models */ = {
			isa = PBXGroup;
			children = (
				81EFC53C24C55BFF00245E73 /* TimeEntry.swift */,
				81EA994124E6CECA000457CE /* WeekDay.swift */,
			);
			path = Models;
			sourceTree = "<group>";
		};
/* End PBXGroup section */

/* Begin PBXNativeTarget section */
		8108110B24C2EB95005D7C85 /* timetracker (iOS) */ = {
			isa = PBXNativeTarget;
			buildConfigurationList = 8108113624C2EB95005D7C85 /* Build configuration list for PBXNativeTarget "timetracker (iOS)" */;
			buildPhases = (
				8108110824C2EB95005D7C85 /* Sources */,
				8108110924C2EB95005D7C85 /* Frameworks */,
				8108110A24C2EB95005D7C85 /* Resources */,
				8163530024E8F8FC003BC688 /* Embed App Extensions */,
				81C057F724F2AE6F0010DAA1 /* Embed Watch Content */,
			);
			buildRules = (
			);
			dependencies = (
				8163531224E8FAD8003BC688 /* PBXTargetDependency */,
				81C057EE24F2AE6F0010DAA1 /* PBXTargetDependency */,
			);
			name = "timetracker (iOS)";
			packageProductDependencies = (
				81DD520324C2F3A40039C792 /* SwiftUIFlux */,
			);
			productName = "timetracker (iOS)";
			productReference = 8108110C24C2EB95005D7C85 /* timetracker.app */;
			productType = "com.apple.product-type.application";
		};
		8108111324C2EB95005D7C85 /* timetracker (macOS) */ = {
			isa = PBXNativeTarget;
			buildConfigurationList = 8108113924C2EB95005D7C85 /* Build configuration list for PBXNativeTarget "timetracker (macOS)" */;
			buildPhases = (
				8108111024C2EB95005D7C85 /* Sources */,
				8108111124C2EB95005D7C85 /* Frameworks */,
				8108111224C2EB95005D7C85 /* Resources */,
			);
			buildRules = (
			);
			dependencies = (
			);
			name = "timetracker (macOS)";
			productName = "timetracker (macOS)";
			productReference = 8108111424C2EB95005D7C85 /* timetracker.app */;
			productType = "com.apple.product-type.application";
		};
		8108111B24C2EB95005D7C85 /* Tests iOS */ = {
			isa = PBXNativeTarget;
			buildConfigurationList = 8108113C24C2EB95005D7C85 /* Build configuration list for PBXNativeTarget "Tests iOS" */;
			buildPhases = (
				8108111824C2EB95005D7C85 /* Sources */,
				8108111924C2EB95005D7C85 /* Frameworks */,
				8108111A24C2EB95005D7C85 /* Resources */,
			);
			buildRules = (
			);
			dependencies = (
				8108111E24C2EB95005D7C85 /* PBXTargetDependency */,
			);
			name = "Tests iOS";
			productName = "Tests iOS";
			productReference = 8108111C24C2EB95005D7C85 /* Tests iOS.xctest */;
			productType = "com.apple.product-type.bundle.ui-testing";
		};
		8108112624C2EB95005D7C85 /* Tests macOS */ = {
			isa = PBXNativeTarget;
			buildConfigurationList = 8108113F24C2EB95005D7C85 /* Build configuration list for PBXNativeTarget "Tests macOS" */;
			buildPhases = (
				8108112324C2EB95005D7C85 /* Sources */,
				8108112424C2EB95005D7C85 /* Frameworks */,
				8108112524C2EB95005D7C85 /* Resources */,
			);
			buildRules = (
			);
			dependencies = (
				8108112924C2EB95005D7C85 /* PBXTargetDependency */,
			);
			name = "Tests macOS";
			productName = "Tests macOS";
			productReference = 8108112724C2EB95005D7C85 /* Tests macOS.xctest */;
			productType = "com.apple.product-type.bundle.ui-testing";
		};
		8163530724E8FAD7003BC688 /* widgetExtension */ = {
			isa = PBXNativeTarget;
			buildConfigurationList = 8163531424E8FAD8003BC688 /* Build configuration list for PBXNativeTarget "widgetExtension" */;
			buildPhases = (
				8163530424E8FAD7003BC688 /* Sources */,
				8163530524E8FAD7003BC688 /* Frameworks */,
				8163530624E8FAD7003BC688 /* Resources */,
			);
			buildRules = (
			);
			dependencies = (
			);
			name = widgetExtension;
			packageProductDependencies = (
				8126A28224E997D90038A4C0 /* SwiftUIFlux */,
			);
			productName = widgetExtension;
			productReference = 8163530824E8FAD7003BC688 /* widgetExtension.appex */;
			productType = "com.apple.product-type.app-extension";
		};
		81C057CD24F2AE6D0010DAA1 /* watch */ = {
			isa = PBXNativeTarget;
			buildConfigurationList = 81C057F424F2AE6F0010DAA1 /* Build configuration list for PBXNativeTarget "watch" */;
			buildPhases = (
				81C057CC24F2AE6D0010DAA1 /* Resources */,
				81C057F324F2AE6F0010DAA1 /* Embed App Extensions */,
			);
			buildRules = (
			);
			dependencies = (
				81C057DA24F2AE6E0010DAA1 /* PBXTargetDependency */,
			);
			name = watch;
			productName = watch;
			productReference = 81C057CE24F2AE6D0010DAA1 /* watch.app */;
			productType = "com.apple.product-type.application.watchapp2";
		};
		81C057D624F2AE6E0010DAA1 /* watch Extension */ = {
			isa = PBXNativeTarget;
			buildConfigurationList = 81C057F024F2AE6F0010DAA1 /* Build configuration list for PBXNativeTarget "watch Extension" */;
			buildPhases = (
				81C057D324F2AE6E0010DAA1 /* Sources */,
				81C057D424F2AE6E0010DAA1 /* Frameworks */,
				81C057D524F2AE6E0010DAA1 /* Resources */,
			);
			buildRules = (
			);
			dependencies = (
			);
			name = "watch Extension";
			packageProductDependencies = (
				8187C72824FA9F69008228AC /* SwiftUIFlux */,
			);
			productName = "watch Extension";
			productReference = 81C057D724F2AE6E0010DAA1 /* watch Extension.appex */;
			productType = "com.apple.product-type.watchkit2-extension";
		};
/* End PBXNativeTarget section */

/* Begin PBXProject section */
		8108110024C2EB94005D7C85 /* Project object */ = {
			isa = PBXProject;
			attributes = {
				LastSwiftUpdateCheck = 1200;
				LastUpgradeCheck = 1200;
				TargetAttributes = {
					8108110B24C2EB95005D7C85 = {
						CreatedOnToolsVersion = 12.0;
					};
					8108111324C2EB95005D7C85 = {
						CreatedOnToolsVersion = 12.0;
					};
					8108111B24C2EB95005D7C85 = {
						CreatedOnToolsVersion = 12.0;
						TestTargetID = 8108110B24C2EB95005D7C85;
					};
					8108112624C2EB95005D7C85 = {
						CreatedOnToolsVersion = 12.0;
						TestTargetID = 8108111324C2EB95005D7C85;
					};
					8163530724E8FAD7003BC688 = {
						CreatedOnToolsVersion = 12.0;
					};
					81C057CD24F2AE6D0010DAA1 = {
						CreatedOnToolsVersion = 12.0;
					};
					81C057D624F2AE6E0010DAA1 = {
						CreatedOnToolsVersion = 12.0;
					};
				};
			};
			buildConfigurationList = 8108110324C2EB94005D7C85 /* Build configuration list for PBXProject "timetracker" */;
			compatibilityVersion = "Xcode 9.3";
			developmentRegion = en;
			hasScannedForEncodings = 0;
			knownRegions = (
				en,
				Base,
				de,
			);
			mainGroup = 810810FF24C2EB94005D7C85;
			packageReferences = (
				81DD520224C2F3A40039C792 /* XCRemoteSwiftPackageReference "SwiftUIFlux" */,
			);
			productRefGroup = 8108110D24C2EB95005D7C85 /* Products */;
			projectDirPath = "";
			projectRoot = "";
			targets = (
				8108110B24C2EB95005D7C85 /* timetracker (iOS) */,
				8108111324C2EB95005D7C85 /* timetracker (macOS) */,
				8108111B24C2EB95005D7C85 /* Tests iOS */,
				8108112624C2EB95005D7C85 /* Tests macOS */,
				8163530724E8FAD7003BC688 /* widgetExtension */,
				81C057CD24F2AE6D0010DAA1 /* watch */,
				81C057D624F2AE6E0010DAA1 /* watch Extension */,
			);
		};
/* End PBXProject section */

/* Begin PBXResourcesBuildPhase section */
		8108110A24C2EB95005D7C85 /* Resources */ = {
			isa = PBXResourcesBuildPhase;
			buildActionMask = 2147483647;
			files = (
				8108113224C2EB95005D7C85 /* Assets.xcassets in Resources */,
				81BFBD332515300B007636B2 /* Localizable.strings in Resources */,
			);
			runOnlyForDeploymentPostprocessing = 0;
		};
		8108111224C2EB95005D7C85 /* Resources */ = {
			isa = PBXResourcesBuildPhase;
			buildActionMask = 2147483647;
			files = (
				8108113324C2EB95005D7C85 /* Assets.xcassets in Resources */,
			);
			runOnlyForDeploymentPostprocessing = 0;
		};
		8108111A24C2EB95005D7C85 /* Resources */ = {
			isa = PBXResourcesBuildPhase;
			buildActionMask = 2147483647;
			files = (
			);
			runOnlyForDeploymentPostprocessing = 0;
		};
		8108112524C2EB95005D7C85 /* Resources */ = {
			isa = PBXResourcesBuildPhase;
			buildActionMask = 2147483647;
			files = (
			);
			runOnlyForDeploymentPostprocessing = 0;
		};
		8163530624E8FAD7003BC688 /* Resources */ = {
			isa = PBXResourcesBuildPhase;
			buildActionMask = 2147483647;
			files = (
				8163530F24E8FAD8003BC688 /* Assets.xcassets in Resources */,
			);
			runOnlyForDeploymentPostprocessing = 0;
		};
		81C057CC24F2AE6D0010DAA1 /* Resources */ = {
			isa = PBXResourcesBuildPhase;
			buildActionMask = 2147483647;
			files = (
				81C057D124F2AE6E0010DAA1 /* Assets.xcassets in Resources */,
			);
			runOnlyForDeploymentPostprocessing = 0;
		};
		81C057D524F2AE6E0010DAA1 /* Resources */ = {
			isa = PBXResourcesBuildPhase;
			buildActionMask = 2147483647;
			files = (
				81C057EA24F2AE6F0010DAA1 /* Preview Assets.xcassets in Resources */,
				816B43212515442A003EFE52 /* Localizable.strings in Resources */,
				81C057E724F2AE6F0010DAA1 /* Assets.xcassets in Resources */,
			);
			runOnlyForDeploymentPostprocessing = 0;
		};
/* End PBXResourcesBuildPhase section */

/* Begin PBXSourcesBuildPhase section */
		8108110824C2EB95005D7C85 /* Sources */ = {
			isa = PBXSourcesBuildPhase;
			buildActionMask = 2147483647;
			files = (
				81EA993B24E6CC8F000457CE /* SettingsActions.swift in Sources */,
				81EA993924E6CC88000457CE /* SettingsReducer.swift in Sources */,
				81EA994224E6CECA000457CE /* WeekDay.swift in Sources */,
				81EA993724E6CC81000457CE /* SettingsState.swift in Sources */,
				8149676D251786D400BD8040 /* TimeEntryEditView.swift in Sources */,
				81EFC55224C6032700245E73 /* TimeReducer.swift in Sources */,
				812973C42517858800408C86 /* VisualEffectView.swift in Sources */,
				81A3DD2A24C77FBF00D992E2 /* EntryDetailsView.swift in Sources */,
				81EFC55824C6036700245E73 /* GlobalMiddleware.swift in Sources */,
				81EFC54524C58E7A00245E73 /* TimerView.swift in Sources */,
				81FA384124C83522004AF914 /* Playground.swift in Sources */,
				81C057CA24F29B2B0010DAA1 /* WidgetData.swift in Sources */,
				8149A4B42501921800A65C36 /* CodableColor.swift in Sources */,
				81EFC53D24C55BFF00245E73 /* TimeEntry.swift in Sources */,
				81FC7160250A2C50006AF590 /* AnimatableSystemFontModifier.swift in Sources */,
				814967762517870800BD8040 /* TimeEntryListView.swift in Sources */,
				81FA384424C87CCC004AF914 /* ArcView.swift in Sources */,
				81EFC54724C58FB900245E73 /* ContentView.swift in Sources */,
				8108114624C2ED2A005D7C85 /* AppState.swift in Sources */,
				8108112E24C2EB95005D7C85 /* App.swift in Sources */,
				816B430A25153BDF003EFE52 /* ListView.swift in Sources */,
				81EFC54F24C6031F00245E73 /* TimeState.swift in Sources */,
				816833E124C821A400DE7CCC /* CalendarView.swift in Sources */,
				81EFC55524C6032F00245E73 /* TimeActions.swift in Sources */,
				812973B72517826200408C86 /* Color+.swift in Sources */,
				81408CF724FA926700EB76E5 /* AppToWatchData.swift in Sources */,
				81F6E16C24F96423008EA1F3 /* MultipleValuesPickerView.swift in Sources */,
				8121750E24C54DDA00A2983B /* Date+.swift in Sources */,
				81EFC55C24C603EC00245E73 /* OverviewView.swift in Sources */,
				81BDF27F25149BEC00B7C306 /* WatchCommunicator.swift in Sources */,
				81EA994024E6CDED000457CE /* SettingsView.swift in Sources */,
			);
			runOnlyForDeploymentPostprocessing = 0;
		};
		8108111024C2EB95005D7C85 /* Sources */ = {
			isa = PBXSourcesBuildPhase;
			buildActionMask = 2147483647;
			files = (
				8126A27B24E968700038A4C0 /* SettingsReducer.swift in Sources */,
				812973B82517826200408C86 /* Color+.swift in Sources */,
				8126A27624E968700038A4C0 /* SettingsActions.swift in Sources */,
				81EFC53E24C55BFF00245E73 /* TimeEntry.swift in Sources */,
				8126A27C24E968700038A4C0 /* AppState.swift in Sources */,
				8126A27924E968700038A4C0 /* GlobalMiddleware.swift in Sources */,
				8126A27E24E969F60038A4C0 /* ArcView.swift in Sources */,
				8126A27224E967650038A4C0 /* WeekDay.swift in Sources */,
				8126A27824E968700038A4C0 /* TimeReducer.swift in Sources */,
				8126A27724E968700038A4C0 /* TimeState.swift in Sources */,
				8126A27A24E968700038A4C0 /* SettingsState.swift in Sources */,
				8149A4B52501921800A65C36 /* CodableColor.swift in Sources */,
				81FC7161250A2C50006AF590 /* AnimatableSystemFontModifier.swift in Sources */,
				8121750F24C54DDA00A2983B /* Date+.swift in Sources */,
				8126A27D24E968700038A4C0 /* TimeActions.swift in Sources */,
			);
			runOnlyForDeploymentPostprocessing = 0;
		};
		8108111824C2EB95005D7C85 /* Sources */ = {
			isa = PBXSourcesBuildPhase;
			buildActionMask = 2147483647;
			files = (
				81EFC54424C55CA900245E73 /* TimeEntry.swift in Sources */,
				812973B92517826200408C86 /* Color+.swift in Sources */,
				81EFC53B24C5588700245E73 /* Date+.swift in Sources */,
				8108112124C2EB95005D7C85 /* Tests_iOS.swift in Sources */,
				8149A4B62501921800A65C36 /* CodableColor.swift in Sources */,
				8121750B24C54DCA00A2983B /* Date+Tests.swift in Sources */,
				81EFC54A24C602DD00245E73 /* TimeReducerTests.swift in Sources */,
				81EFC54224C55CA500245E73 /* TimeEntryTests.swift in Sources */,
				81FC7162250A2C50006AF590 /* AnimatableSystemFontModifier.swift in Sources */,
			);
			runOnlyForDeploymentPostprocessing = 0;
		};
		8108112324C2EB95005D7C85 /* Sources */ = {
			isa = PBXSourcesBuildPhase;
			buildActionMask = 2147483647;
			files = (
				81EFC54324C55CA500245E73 /* TimeEntryTests.swift in Sources */,
				8108112C24C2EB95005D7C85 /* Tests_macOS.swift in Sources */,
				8121750C24C54DCA00A2983B /* Date+Tests.swift in Sources */,
			);
			runOnlyForDeploymentPostprocessing = 0;
		};
		8163530424E8FAD7003BC688 /* Sources */ = {
			isa = PBXSourcesBuildPhase;
			buildActionMask = 2147483647;
			files = (
				81FC7163250A2C50006AF590 /* AnimatableSystemFontModifier.swift in Sources */,
				812973BA2517826200408C86 /* Color+.swift in Sources */,
				81C057CB24F29B350010DAA1 /* WidgetData.swift in Sources */,
				8163531B24E8FCC5003BC688 /* Date+.swift in Sources */,
				8149A4B72501921800A65C36 /* CodableColor.swift in Sources */,
				8163531824E8FAFB003BC688 /* TimerWidget.swift in Sources */,
				8163531924E8FBE7003BC688 /* ArcView.swift in Sources */,
				8163531C24E8FCD3003BC688 /* TimeEntry.swift in Sources */,
			);
			runOnlyForDeploymentPostprocessing = 0;
		};
		81C057D324F2AE6E0010DAA1 /* Sources */ = {
			isa = PBXSourcesBuildPhase;
			buildActionMask = 2147483647;
			files = (
				81BDF28825149C2400B7C306 /* AppCommunicator.swift in Sources */,
				81C057F924F2B4770010DAA1 /* Date+.swift in Sources */,
				81408CF624FA926000EB76E5 /* AppToWatchData.swift in Sources */,
				81C057E124F2AE6E0010DAA1 /* NotificationController.swift in Sources */,
				8189E6C824FAA8AD008FEFF7 /* WatchActions.swift in Sources */,
				8106A01624FB948C009A1E84 /* WatchSizeHelper.swift in Sources */,
				8106A01A24FBAE42009A1E84 /* ComplicationView.swift in Sources */,
				8149A4B82501921800A65C36 /* CodableColor.swift in Sources */,
				8187C72724FA9F13008228AC /* WatchState.swift in Sources */,
				81C057DF24F2AE6E0010DAA1 /* ContentView.swift in Sources */,
				81FC7164250A2C50006AF590 /* AnimatableSystemFontModifier.swift in Sources */,
				81C057FA24F2B4A40010DAA1 /* TimeEntry.swift in Sources */,
				812973BB2517826200408C86 /* Color+.swift in Sources */,
				81C057E524F2AE6E0010DAA1 /* ComplicationController.swift in Sources */,
				81C057F824F2B4640010DAA1 /* ArcView.swift in Sources */,
				8189E6CA24FAA8B7008FEFF7 /* WatchMiddleware.swift in Sources */,
				8189E6CC24FAA8DE008FEFF7 /* WatchReducer.swift in Sources */,
				81C057DD24F2AE6E0010DAA1 /* WatchApp.swift in Sources */,
				81C057E324F2AE6E0010DAA1 /* NotificationView.swift in Sources */,
			);
			runOnlyForDeploymentPostprocessing = 0;
		};
/* End PBXSourcesBuildPhase section */

/* Begin PBXTargetDependency section */
		8108111E24C2EB95005D7C85 /* PBXTargetDependency */ = {
			isa = PBXTargetDependency;
			target = 8108110B24C2EB95005D7C85 /* timetracker (iOS) */;
			targetProxy = 8108111D24C2EB95005D7C85 /* PBXContainerItemProxy */;
		};
		8108112924C2EB95005D7C85 /* PBXTargetDependency */ = {
			isa = PBXTargetDependency;
			target = 8108111324C2EB95005D7C85 /* timetracker (macOS) */;
			targetProxy = 8108112824C2EB95005D7C85 /* PBXContainerItemProxy */;
		};
		8163531224E8FAD8003BC688 /* PBXTargetDependency */ = {
			isa = PBXTargetDependency;
			target = 8163530724E8FAD7003BC688 /* widgetExtension */;
			targetProxy = 8163531124E8FAD8003BC688 /* PBXContainerItemProxy */;
		};
		81C057DA24F2AE6E0010DAA1 /* PBXTargetDependency */ = {
			isa = PBXTargetDependency;
			target = 81C057D624F2AE6E0010DAA1 /* watch Extension */;
			targetProxy = 81C057D924F2AE6E0010DAA1 /* PBXContainerItemProxy */;
		};
		81C057EE24F2AE6F0010DAA1 /* PBXTargetDependency */ = {
			isa = PBXTargetDependency;
			target = 81C057CD24F2AE6D0010DAA1 /* watch */;
			targetProxy = 81C057ED24F2AE6F0010DAA1 /* PBXContainerItemProxy */;
		};
/* End PBXTargetDependency section */

/* Begin PBXVariantGroup section */
		81BFBD352515300B007636B2 /* Localizable.strings */ = {
			isa = PBXVariantGroup;
			children = (
				81BFBD342515300B007636B2 /* en */,
				81BFBD3D25153012007636B2 /* de */,
			);
			name = Localizable.strings;
			sourceTree = "<group>";
		};
/* End PBXVariantGroup section */

/* Begin XCBuildConfiguration section */
		8108113424C2EB95005D7C85 /* Debug */ = {
			isa = XCBuildConfiguration;
			buildSettings = {
				ALWAYS_SEARCH_USER_PATHS = NO;
				CLANG_ANALYZER_NONNULL = YES;
				CLANG_ANALYZER_NUMBER_OBJECT_CONVERSION = YES_AGGRESSIVE;
				CLANG_CXX_LANGUAGE_STANDARD = "gnu++14";
				CLANG_CXX_LIBRARY = "libc++";
				CLANG_ENABLE_MODULES = YES;
				CLANG_ENABLE_OBJC_ARC = YES;
				CLANG_ENABLE_OBJC_WEAK = YES;
				CLANG_WARN_BLOCK_CAPTURE_AUTORELEASING = YES;
				CLANG_WARN_BOOL_CONVERSION = YES;
				CLANG_WARN_COMMA = YES;
				CLANG_WARN_CONSTANT_CONVERSION = YES;
				CLANG_WARN_DEPRECATED_OBJC_IMPLEMENTATIONS = YES;
				CLANG_WARN_DIRECT_OBJC_ISA_USAGE = YES_ERROR;
				CLANG_WARN_DOCUMENTATION_COMMENTS = YES;
				CLANG_WARN_EMPTY_BODY = YES;
				CLANG_WARN_ENUM_CONVERSION = YES;
				CLANG_WARN_INFINITE_RECURSION = YES;
				CLANG_WARN_INT_CONVERSION = YES;
				CLANG_WARN_NON_LITERAL_NULL_CONVERSION = YES;
				CLANG_WARN_OBJC_IMPLICIT_RETAIN_SELF = YES;
				CLANG_WARN_OBJC_LITERAL_CONVERSION = YES;
				CLANG_WARN_OBJC_ROOT_CLASS = YES_ERROR;
				CLANG_WARN_QUOTED_INCLUDE_IN_FRAMEWORK_HEADER = YES;
				CLANG_WARN_RANGE_LOOP_ANALYSIS = YES;
				CLANG_WARN_STRICT_PROTOTYPES = YES;
				CLANG_WARN_SUSPICIOUS_MOVE = YES;
				CLANG_WARN_UNGUARDED_AVAILABILITY = YES_AGGRESSIVE;
				CLANG_WARN_UNREACHABLE_CODE = YES;
				CLANG_WARN__DUPLICATE_METHOD_MATCH = YES;
				COPY_PHASE_STRIP = NO;
				DEBUG_INFORMATION_FORMAT = dwarf;
				ENABLE_STRICT_OBJC_MSGSEND = YES;
				ENABLE_TESTABILITY = YES;
				GCC_C_LANGUAGE_STANDARD = gnu11;
				GCC_DYNAMIC_NO_PIC = NO;
				GCC_NO_COMMON_BLOCKS = YES;
				GCC_OPTIMIZATION_LEVEL = 0;
				GCC_PREPROCESSOR_DEFINITIONS = (
					"DEBUG=1",
					"$(inherited)",
				);
				GCC_WARN_64_TO_32_BIT_CONVERSION = YES;
				GCC_WARN_ABOUT_RETURN_TYPE = YES_ERROR;
				GCC_WARN_UNDECLARED_SELECTOR = YES;
				GCC_WARN_UNINITIALIZED_AUTOS = YES_AGGRESSIVE;
				GCC_WARN_UNUSED_FUNCTION = YES;
				GCC_WARN_UNUSED_VARIABLE = YES;
				IPHONEOS_DEPLOYMENT_TARGET = 14.0;
				MACOSX_DEPLOYMENT_TARGET = 11.0;
				MTL_ENABLE_DEBUG_INFO = INCLUDE_SOURCE;
				MTL_FAST_MATH = YES;
				ONLY_ACTIVE_ARCH = YES;
				SWIFT_ACTIVE_COMPILATION_CONDITIONS = DEBUG;
				SWIFT_OPTIMIZATION_LEVEL = "-Onone";
			};
			name = Debug;
		};
		8108113524C2EB95005D7C85 /* Release */ = {
			isa = XCBuildConfiguration;
			buildSettings = {
				ALWAYS_SEARCH_USER_PATHS = NO;
				CLANG_ANALYZER_NONNULL = YES;
				CLANG_ANALYZER_NUMBER_OBJECT_CONVERSION = YES_AGGRESSIVE;
				CLANG_CXX_LANGUAGE_STANDARD = "gnu++14";
				CLANG_CXX_LIBRARY = "libc++";
				CLANG_ENABLE_MODULES = YES;
				CLANG_ENABLE_OBJC_ARC = YES;
				CLANG_ENABLE_OBJC_WEAK = YES;
				CLANG_WARN_BLOCK_CAPTURE_AUTORELEASING = YES;
				CLANG_WARN_BOOL_CONVERSION = YES;
				CLANG_WARN_COMMA = YES;
				CLANG_WARN_CONSTANT_CONVERSION = YES;
				CLANG_WARN_DEPRECATED_OBJC_IMPLEMENTATIONS = YES;
				CLANG_WARN_DIRECT_OBJC_ISA_USAGE = YES_ERROR;
				CLANG_WARN_DOCUMENTATION_COMMENTS = YES;
				CLANG_WARN_EMPTY_BODY = YES;
				CLANG_WARN_ENUM_CONVERSION = YES;
				CLANG_WARN_INFINITE_RECURSION = YES;
				CLANG_WARN_INT_CONVERSION = YES;
				CLANG_WARN_NON_LITERAL_NULL_CONVERSION = YES;
				CLANG_WARN_OBJC_IMPLICIT_RETAIN_SELF = YES;
				CLANG_WARN_OBJC_LITERAL_CONVERSION = YES;
				CLANG_WARN_OBJC_ROOT_CLASS = YES_ERROR;
				CLANG_WARN_QUOTED_INCLUDE_IN_FRAMEWORK_HEADER = YES;
				CLANG_WARN_RANGE_LOOP_ANALYSIS = YES;
				CLANG_WARN_STRICT_PROTOTYPES = YES;
				CLANG_WARN_SUSPICIOUS_MOVE = YES;
				CLANG_WARN_UNGUARDED_AVAILABILITY = YES_AGGRESSIVE;
				CLANG_WARN_UNREACHABLE_CODE = YES;
				CLANG_WARN__DUPLICATE_METHOD_MATCH = YES;
				COPY_PHASE_STRIP = NO;
				DEBUG_INFORMATION_FORMAT = "dwarf-with-dsym";
				ENABLE_NS_ASSERTIONS = NO;
				ENABLE_STRICT_OBJC_MSGSEND = YES;
				GCC_C_LANGUAGE_STANDARD = gnu11;
				GCC_NO_COMMON_BLOCKS = YES;
				GCC_WARN_64_TO_32_BIT_CONVERSION = YES;
				GCC_WARN_ABOUT_RETURN_TYPE = YES_ERROR;
				GCC_WARN_UNDECLARED_SELECTOR = YES;
				GCC_WARN_UNINITIALIZED_AUTOS = YES_AGGRESSIVE;
				GCC_WARN_UNUSED_FUNCTION = YES;
				GCC_WARN_UNUSED_VARIABLE = YES;
				IPHONEOS_DEPLOYMENT_TARGET = 14.0;
				MACOSX_DEPLOYMENT_TARGET = 11.0;
				MTL_ENABLE_DEBUG_INFO = NO;
				MTL_FAST_MATH = YES;
				SWIFT_COMPILATION_MODE = wholemodule;
				SWIFT_OPTIMIZATION_LEVEL = "-O";
			};
			name = Release;
		};
		8108113724C2EB95005D7C85 /* Debug */ = {
			isa = XCBuildConfiguration;
			buildSettings = {
				ALWAYS_EMBED_SWIFT_STANDARD_LIBRARIES = YES;
				ASSETCATALOG_COMPILER_APPICON_NAME = AppIcon;
				ASSETCATALOG_COMPILER_GLOBAL_ACCENT_COLOR_NAME = AccentColor;
				CODE_SIGN_ENTITLEMENTS = timetracker.entitlements;
				CODE_SIGN_STYLE = Automatic;
				DEVELOPMENT_TEAM = 455K6552B4;
				ENABLE_PREVIEWS = YES;
				INFOPLIST_FILE = iOS/Info.plist;
				IPHONEOS_DEPLOYMENT_TARGET = 14.0;
				LD_RUNPATH_SEARCH_PATHS = (
					"$(inherited)",
					"@executable_path/Frameworks",
				);
				PRODUCT_BUNDLE_IDENTIFIER = com.d4Rk.timetracker;
				PRODUCT_NAME = timetracker;
				SDKROOT = iphoneos;
				SWIFT_VERSION = 5.0;
				TARGETED_DEVICE_FAMILY = "1,2";
			};
			name = Debug;
		};
		8108113824C2EB95005D7C85 /* Release */ = {
			isa = XCBuildConfiguration;
			buildSettings = {
				ALWAYS_EMBED_SWIFT_STANDARD_LIBRARIES = YES;
				ASSETCATALOG_COMPILER_APPICON_NAME = AppIcon;
				ASSETCATALOG_COMPILER_GLOBAL_ACCENT_COLOR_NAME = AccentColor;
				CODE_SIGN_ENTITLEMENTS = timetracker.entitlements;
				CODE_SIGN_STYLE = Automatic;
				DEVELOPMENT_TEAM = 455K6552B4;
				ENABLE_PREVIEWS = YES;
				INFOPLIST_FILE = iOS/Info.plist;
				IPHONEOS_DEPLOYMENT_TARGET = 14.0;
				LD_RUNPATH_SEARCH_PATHS = (
					"$(inherited)",
					"@executable_path/Frameworks",
				);
				PRODUCT_BUNDLE_IDENTIFIER = com.d4Rk.timetracker;
				PRODUCT_NAME = timetracker;
				SDKROOT = iphoneos;
				SWIFT_VERSION = 5.0;
				TARGETED_DEVICE_FAMILY = "1,2";
				VALIDATE_PRODUCT = YES;
			};
			name = Release;
		};
		8108113A24C2EB95005D7C85 /* Debug */ = {
			isa = XCBuildConfiguration;
			buildSettings = {
				ASSETCATALOG_COMPILER_APPICON_NAME = AppIcon;
				ASSETCATALOG_COMPILER_GLOBAL_ACCENT_COLOR_NAME = AccentColor;
				CODE_SIGN_ENTITLEMENTS = macOS/macOS.entitlements;
				CODE_SIGN_IDENTITY = "-";
				CODE_SIGN_STYLE = Automatic;
				COMBINE_HIDPI_IMAGES = YES;
				DEVELOPMENT_TEAM = 455K6552B4;
				ENABLE_HARDENED_RUNTIME = YES;
				ENABLE_PREVIEWS = YES;
				INFOPLIST_FILE = macOS/Info.plist;
				LD_RUNPATH_SEARCH_PATHS = (
					"$(inherited)",
					"@executable_path/../Frameworks",
				);
				MACOSX_DEPLOYMENT_TARGET = 10.16;
				PRODUCT_BUNDLE_IDENTIFIER = com.d4Rk.timetracker;
				PRODUCT_NAME = timetracker;
				SDKROOT = macosx;
				SWIFT_VERSION = 5.0;
			};
			name = Debug;
		};
		8108113B24C2EB95005D7C85 /* Release */ = {
			isa = XCBuildConfiguration;
			buildSettings = {
				ASSETCATALOG_COMPILER_APPICON_NAME = AppIcon;
				ASSETCATALOG_COMPILER_GLOBAL_ACCENT_COLOR_NAME = AccentColor;
				CODE_SIGN_ENTITLEMENTS = macOS/macOS.entitlements;
				CODE_SIGN_IDENTITY = "-";
				CODE_SIGN_STYLE = Automatic;
				COMBINE_HIDPI_IMAGES = YES;
				DEVELOPMENT_TEAM = 455K6552B4;
				ENABLE_HARDENED_RUNTIME = YES;
				ENABLE_PREVIEWS = YES;
				INFOPLIST_FILE = macOS/Info.plist;
				LD_RUNPATH_SEARCH_PATHS = (
					"$(inherited)",
					"@executable_path/../Frameworks",
				);
				MACOSX_DEPLOYMENT_TARGET = 10.16;
				PRODUCT_BUNDLE_IDENTIFIER = com.d4Rk.timetracker;
				PRODUCT_NAME = timetracker;
				SDKROOT = macosx;
				SWIFT_VERSION = 5.0;
			};
			name = Release;
		};
		8108113D24C2EB95005D7C85 /* Debug */ = {
			isa = XCBuildConfiguration;
			buildSettings = {
				ALWAYS_EMBED_SWIFT_STANDARD_LIBRARIES = YES;
				CODE_SIGN_STYLE = Automatic;
				DEVELOPMENT_TEAM = 455K6552B4;
				INFOPLIST_FILE = "Tests iOS/Info.plist";
				IPHONEOS_DEPLOYMENT_TARGET = 14.0;
				LD_RUNPATH_SEARCH_PATHS = (
					"$(inherited)",
					"@executable_path/Frameworks",
					"@loader_path/Frameworks",
				);
				PRODUCT_BUNDLE_IDENTIFIER = "com.d4Rk.Tests-iOS";
				PRODUCT_NAME = "$(TARGET_NAME)";
				PROVISIONING_PROFILE = "";
				SDKROOT = iphoneos;
				SWIFT_VERSION = 5.0;
				TARGETED_DEVICE_FAMILY = "1,2";
				TEST_TARGET_NAME = "timetracker (iOS)";
			};
			name = Debug;
		};
		8108113E24C2EB95005D7C85 /* Release */ = {
			isa = XCBuildConfiguration;
			buildSettings = {
				ALWAYS_EMBED_SWIFT_STANDARD_LIBRARIES = YES;
				CODE_SIGN_STYLE = Automatic;
				DEVELOPMENT_TEAM = 455K6552B4;
				INFOPLIST_FILE = "Tests iOS/Info.plist";
				IPHONEOS_DEPLOYMENT_TARGET = 14.0;
				LD_RUNPATH_SEARCH_PATHS = (
					"$(inherited)",
					"@executable_path/Frameworks",
					"@loader_path/Frameworks",
				);
				PRODUCT_BUNDLE_IDENTIFIER = "com.d4Rk.Tests-iOS";
				PRODUCT_NAME = "$(TARGET_NAME)";
				PROVISIONING_PROFILE = "";
				SDKROOT = iphoneos;
				SWIFT_VERSION = 5.0;
				TARGETED_DEVICE_FAMILY = "1,2";
				TEST_TARGET_NAME = "timetracker (iOS)";
				VALIDATE_PRODUCT = YES;
			};
			name = Release;
		};
		8108114024C2EB95005D7C85 /* Debug */ = {
			isa = XCBuildConfiguration;
			buildSettings = {
				ALWAYS_EMBED_SWIFT_STANDARD_LIBRARIES = YES;
				BUNDLE_LOADER = "";
				CODE_SIGN_STYLE = Automatic;
				COMBINE_HIDPI_IMAGES = YES;
				DEVELOPMENT_TEAM = 455K6552B4;
				INFOPLIST_FILE = "Tests macOS/Info.plist";
				LD_RUNPATH_SEARCH_PATHS = (
					"$(inherited)",
					"@executable_path/../Frameworks",
					"@loader_path/../Frameworks",
				);
				MACOSX_DEPLOYMENT_TARGET = 10.15;
				PRODUCT_BUNDLE_IDENTIFIER = "com.d4Rk.Tests-macOS";
				PRODUCT_NAME = "$(TARGET_NAME)";
				SDKROOT = macosx;
				SWIFT_VERSION = 5.0;
				TEST_TARGET_NAME = "timetracker (macOS)";
			};
			name = Debug;
		};
		8108114124C2EB95005D7C85 /* Release */ = {
			isa = XCBuildConfiguration;
			buildSettings = {
				ALWAYS_EMBED_SWIFT_STANDARD_LIBRARIES = YES;
				CODE_SIGN_STYLE = Automatic;
				COMBINE_HIDPI_IMAGES = YES;
				DEVELOPMENT_TEAM = 455K6552B4;
				INFOPLIST_FILE = "Tests macOS/Info.plist";
				LD_RUNPATH_SEARCH_PATHS = (
					"$(inherited)",
					"@executable_path/../Frameworks",
					"@loader_path/../Frameworks",
				);
				MACOSX_DEPLOYMENT_TARGET = 10.15;
				PRODUCT_BUNDLE_IDENTIFIER = "com.d4Rk.Tests-macOS";
				PRODUCT_NAME = "$(TARGET_NAME)";
				SDKROOT = macosx;
				SWIFT_VERSION = 5.0;
				TEST_TARGET_NAME = "timetracker (macOS)";
			};
			name = Release;
		};
		8163531524E8FAD8003BC688 /* Debug */ = {
			isa = XCBuildConfiguration;
			buildSettings = {
				ASSETCATALOG_COMPILER_GLOBAL_ACCENT_COLOR_NAME = AccentColor;
				ASSETCATALOG_COMPILER_WIDGET_BACKGROUND_COLOR_NAME = WidgetBackground;
				CODE_SIGN_ENTITLEMENTS = widgetExtension.entitlements;
				CODE_SIGN_STYLE = Automatic;
				DEVELOPMENT_TEAM = 455K6552B4;
				INFOPLIST_FILE = widget/Info.plist;
				LD_RUNPATH_SEARCH_PATHS = (
					"$(inherited)",
					"@executable_path/Frameworks",
					"@executable_path/../../Frameworks",
				);
				PRODUCT_BUNDLE_IDENTIFIER = com.d4Rk.timetracker.widget;
				PRODUCT_NAME = "$(TARGET_NAME)";
				SDKROOT = iphoneos;
				SKIP_INSTALL = YES;
				SWIFT_VERSION = 5.0;
				TARGETED_DEVICE_FAMILY = "1,2";
			};
			name = Debug;
		};
		8163531624E8FAD8003BC688 /* Release */ = {
			isa = XCBuildConfiguration;
			buildSettings = {
				ASSETCATALOG_COMPILER_GLOBAL_ACCENT_COLOR_NAME = AccentColor;
				ASSETCATALOG_COMPILER_WIDGET_BACKGROUND_COLOR_NAME = WidgetBackground;
				CODE_SIGN_ENTITLEMENTS = widgetExtension.entitlements;
				CODE_SIGN_STYLE = Automatic;
				DEVELOPMENT_TEAM = 455K6552B4;
				INFOPLIST_FILE = widget/Info.plist;
				LD_RUNPATH_SEARCH_PATHS = (
					"$(inherited)",
					"@executable_path/Frameworks",
					"@executable_path/../../Frameworks",
				);
				PRODUCT_BUNDLE_IDENTIFIER = com.d4Rk.timetracker.widget;
				PRODUCT_NAME = "$(TARGET_NAME)";
				SDKROOT = iphoneos;
				SKIP_INSTALL = YES;
				SWIFT_VERSION = 5.0;
				TARGETED_DEVICE_FAMILY = "1,2";
				VALIDATE_PRODUCT = YES;
			};
			name = Release;
		};
		81C057F124F2AE6F0010DAA1 /* Debug */ = {
			isa = XCBuildConfiguration;
			buildSettings = {
				ASSETCATALOG_COMPILER_COMPLICATION_NAME = Complication;
				CODE_SIGN_STYLE = Automatic;
				DEVELOPMENT_ASSET_PATHS = "\"watch Extension/Preview Content\"";
				DEVELOPMENT_TEAM = 455K6552B4;
				ENABLE_PREVIEWS = YES;
				INFOPLIST_FILE = "watch Extension/Info.plist";
				LD_RUNPATH_SEARCH_PATHS = (
					"$(inherited)",
					"@executable_path/Frameworks",
					"@executable_path/../../Frameworks",
				);
				PRODUCT_BUNDLE_IDENTIFIER = com.d4Rk.timetracker.watchkitapp.watchkitextension;
				PRODUCT_NAME = "${TARGET_NAME}";
				SDKROOT = watchos;
				SKIP_INSTALL = YES;
				SWIFT_VERSION = 5.0;
				TARGETED_DEVICE_FAMILY = 4;
				WATCHOS_DEPLOYMENT_TARGET = 7.0;
			};
			name = Debug;
		};
		81C057F224F2AE6F0010DAA1 /* Release */ = {
			isa = XCBuildConfiguration;
			buildSettings = {
				ASSETCATALOG_COMPILER_COMPLICATION_NAME = Complication;
				CODE_SIGN_STYLE = Automatic;
				DEVELOPMENT_ASSET_PATHS = "\"watch Extension/Preview Content\"";
				DEVELOPMENT_TEAM = 455K6552B4;
				ENABLE_PREVIEWS = YES;
				INFOPLIST_FILE = "watch Extension/Info.plist";
				LD_RUNPATH_SEARCH_PATHS = (
					"$(inherited)",
					"@executable_path/Frameworks",
					"@executable_path/../../Frameworks",
				);
				PRODUCT_BUNDLE_IDENTIFIER = com.d4Rk.timetracker.watchkitapp.watchkitextension;
				PRODUCT_NAME = "${TARGET_NAME}";
				SDKROOT = watchos;
				SKIP_INSTALL = YES;
				SWIFT_VERSION = 5.0;
				TARGETED_DEVICE_FAMILY = 4;
				VALIDATE_PRODUCT = YES;
				WATCHOS_DEPLOYMENT_TARGET = 7.0;
			};
			name = Release;
		};
		81C057F524F2AE6F0010DAA1 /* Debug */ = {
			isa = XCBuildConfiguration;
			buildSettings = {
				ALWAYS_EMBED_SWIFT_STANDARD_LIBRARIES = YES;
				ASSETCATALOG_COMPILER_APPICON_NAME = AppIcon;
				ASSETCATALOG_COMPILER_GLOBAL_ACCENT_COLOR_NAME = AccentColor;
				CODE_SIGN_STYLE = Automatic;
				DEVELOPMENT_TEAM = 455K6552B4;
				IBSC_MODULE = watch_Extension;
				INFOPLIST_FILE = watch/Info.plist;
				PRODUCT_BUNDLE_IDENTIFIER = com.d4Rk.timetracker.watchkitapp;
				PRODUCT_NAME = "$(TARGET_NAME)";
				SDKROOT = watchos;
				SKIP_INSTALL = YES;
				SWIFT_VERSION = 5.0;
				TARGETED_DEVICE_FAMILY = 4;
				WATCHOS_DEPLOYMENT_TARGET = 7.0;
			};
			name = Debug;
		};
		81C057F624F2AE6F0010DAA1 /* Release */ = {
			isa = XCBuildConfiguration;
			buildSettings = {
				ALWAYS_EMBED_SWIFT_STANDARD_LIBRARIES = YES;
				ASSETCATALOG_COMPILER_APPICON_NAME = AppIcon;
				ASSETCATALOG_COMPILER_GLOBAL_ACCENT_COLOR_NAME = AccentColor;
				CODE_SIGN_STYLE = Automatic;
				DEVELOPMENT_TEAM = 455K6552B4;
				IBSC_MODULE = watch_Extension;
				INFOPLIST_FILE = watch/Info.plist;
				PRODUCT_BUNDLE_IDENTIFIER = com.d4Rk.timetracker.watchkitapp;
				PRODUCT_NAME = "$(TARGET_NAME)";
				SDKROOT = watchos;
				SKIP_INSTALL = YES;
				SWIFT_VERSION = 5.0;
				TARGETED_DEVICE_FAMILY = 4;
				VALIDATE_PRODUCT = YES;
				WATCHOS_DEPLOYMENT_TARGET = 7.0;
			};
			name = Release;
		};
/* End XCBuildConfiguration section */

/* Begin XCConfigurationList section */
		8108110324C2EB94005D7C85 /* Build configuration list for PBXProject "timetracker" */ = {
			isa = XCConfigurationList;
			buildConfigurations = (
				8108113424C2EB95005D7C85 /* Debug */,
				8108113524C2EB95005D7C85 /* Release */,
			);
			defaultConfigurationIsVisible = 0;
			defaultConfigurationName = Release;
		};
		8108113624C2EB95005D7C85 /* Build configuration list for PBXNativeTarget "timetracker (iOS)" */ = {
			isa = XCConfigurationList;
			buildConfigurations = (
				8108113724C2EB95005D7C85 /* Debug */,
				8108113824C2EB95005D7C85 /* Release */,
			);
			defaultConfigurationIsVisible = 0;
			defaultConfigurationName = Release;
		};
		8108113924C2EB95005D7C85 /* Build configuration list for PBXNativeTarget "timetracker (macOS)" */ = {
			isa = XCConfigurationList;
			buildConfigurations = (
				8108113A24C2EB95005D7C85 /* Debug */,
				8108113B24C2EB95005D7C85 /* Release */,
			);
			defaultConfigurationIsVisible = 0;
			defaultConfigurationName = Release;
		};
		8108113C24C2EB95005D7C85 /* Build configuration list for PBXNativeTarget "Tests iOS" */ = {
			isa = XCConfigurationList;
			buildConfigurations = (
				8108113D24C2EB95005D7C85 /* Debug */,
				8108113E24C2EB95005D7C85 /* Release */,
			);
			defaultConfigurationIsVisible = 0;
			defaultConfigurationName = Release;
		};
		8108113F24C2EB95005D7C85 /* Build configuration list for PBXNativeTarget "Tests macOS" */ = {
			isa = XCConfigurationList;
			buildConfigurations = (
				8108114024C2EB95005D7C85 /* Debug */,
				8108114124C2EB95005D7C85 /* Release */,
			);
			defaultConfigurationIsVisible = 0;
			defaultConfigurationName = Release;
		};
		8163531424E8FAD8003BC688 /* Build configuration list for PBXNativeTarget "widgetExtension" */ = {
			isa = XCConfigurationList;
			buildConfigurations = (
				8163531524E8FAD8003BC688 /* Debug */,
				8163531624E8FAD8003BC688 /* Release */,
			);
			defaultConfigurationIsVisible = 0;
			defaultConfigurationName = Release;
		};
		81C057F024F2AE6F0010DAA1 /* Build configuration list for PBXNativeTarget "watch Extension" */ = {
			isa = XCConfigurationList;
			buildConfigurations = (
				81C057F124F2AE6F0010DAA1 /* Debug */,
				81C057F224F2AE6F0010DAA1 /* Release */,
			);
			defaultConfigurationIsVisible = 0;
			defaultConfigurationName = Release;
		};
		81C057F424F2AE6F0010DAA1 /* Build configuration list for PBXNativeTarget "watch" */ = {
			isa = XCConfigurationList;
			buildConfigurations = (
				81C057F524F2AE6F0010DAA1 /* Debug */,
				81C057F624F2AE6F0010DAA1 /* Release */,
			);
			defaultConfigurationIsVisible = 0;
			defaultConfigurationName = Release;
		};
/* End XCConfigurationList section */

/* Begin XCRemoteSwiftPackageReference section */
		81DD520224C2F3A40039C792 /* XCRemoteSwiftPackageReference "SwiftUIFlux" */ = {
			isa = XCRemoteSwiftPackageReference;
			repositoryURL = "https://github.com/Dimillian/SwiftUIFlux.git";
			requirement = {
				kind = upToNextMajorVersion;
				minimumVersion = 0.5.1;
			};
		};
/* End XCRemoteSwiftPackageReference section */

/* Begin XCSwiftPackageProductDependency section */
		8126A28224E997D90038A4C0 /* SwiftUIFlux */ = {
			isa = XCSwiftPackageProductDependency;
			package = 81DD520224C2F3A40039C792 /* XCRemoteSwiftPackageReference "SwiftUIFlux" */;
			productName = SwiftUIFlux;
		};
		8187C72824FA9F69008228AC /* SwiftUIFlux */ = {
			isa = XCSwiftPackageProductDependency;
			package = 81DD520224C2F3A40039C792 /* XCRemoteSwiftPackageReference "SwiftUIFlux" */;
			productName = SwiftUIFlux;
		};
		81DD520324C2F3A40039C792 /* SwiftUIFlux */ = {
			isa = XCSwiftPackageProductDependency;
			package = 81DD520224C2F3A40039C792 /* XCRemoteSwiftPackageReference "SwiftUIFlux" */;
			productName = SwiftUIFlux;
		};
/* End XCSwiftPackageProductDependency section */
	};
	rootObject = 8108110024C2EB94005D7C85 /* Project object */;
}
