// !$*UTF8*$!
{
	archiveVersion = 1;
	classes = {
	};
	objectVersion = 52;
	objects = {

/* Begin PBXBuildFile section */
		814775082528E46300EDBE79 /* WidgetKit.framework in Frameworks */ = {isa = PBXBuildFile; fileRef = 814775072528E46300EDBE79 /* WidgetKit.framework */; };
		8147750A2528E46300EDBE79 /* SwiftUI.framework in Frameworks */ = {isa = PBXBuildFile; fileRef = 814775092528E46300EDBE79 /* SwiftUI.framework */; };
		8147750F2528E46400EDBE79 /* Assets.xcassets in Resources */ = {isa = PBXBuildFile; fileRef = 8147750E2528E46400EDBE79 /* Assets.xcassets */; };
		814775132528E46400EDBE79 /* widgetExtension.appex in Embed App Extensions */ = {isa = PBXBuildFile; fileRef = 814775062528E46300EDBE79 /* widgetExtension.appex */; settings = {ATTRIBUTES = (RemoveHeadersOnCopy, ); }; };
		814775232528E47700EDBE79 /* TimerWidget.swift in Sources */ = {isa = PBXBuildFile; fileRef = 8147751E2528E47700EDBE79 /* TimerWidget.swift */; };
		814775262528E47700EDBE79 /* WidgetData.swift in Sources */ = {isa = PBXBuildFile; fileRef = 814775212528E47700EDBE79 /* WidgetData.swift */; };
		8147753A2528E49100EDBE79 /* WidgetData.swift in Sources */ = {isa = PBXBuildFile; fileRef = 814775212528E47700EDBE79 /* WidgetData.swift */; };
		814775472528E4B900EDBE79 /* TimeEntry.swift in Sources */ = {isa = PBXBuildFile; fileRef = 8179B3242528E02100A537B7 /* TimeEntry.swift */; };
		8147754E2528E4C100EDBE79 /* CodableColor.swift in Sources */ = {isa = PBXBuildFile; fileRef = 8179B3372528E02100A537B7 /* CodableColor.swift */; };
		814775552528E4EF00EDBE79 /* Date+.swift in Sources */ = {isa = PBXBuildFile; fileRef = 8179B3382528E02100A537B7 /* Date+.swift */; };
		8147755C2528E4F800EDBE79 /* Collection+average.swift in Sources */ = {isa = PBXBuildFile; fileRef = 8179B3362528E02100A537B7 /* Collection+average.swift */; };
		814775772528E5D800EDBE79 /* ArcView.swift in Sources */ = {isa = PBXBuildFile; fileRef = 8179B33B2528E02100A537B7 /* ArcView.swift */; };
		8147757E2528E5E700EDBE79 /* Date+Strideable.swift in Sources */ = {isa = PBXBuildFile; fileRef = 8179B3352528E02100A537B7 /* Date+Strideable.swift */; };
		814775852528E5F000EDBE79 /* AnimatableSystemFontModifier.swift in Sources */ = {isa = PBXBuildFile; fileRef = 8179B3332528E02100A537B7 /* AnimatableSystemFontModifier.swift */; };
		814775922528E75800EDBE79 /* Localizable.strings in Resources */ = {isa = PBXBuildFile; fileRef = 814775952528E75800EDBE79 /* Localizable.strings */; };
		814775932528E75800EDBE79 /* Localizable.strings in Resources */ = {isa = PBXBuildFile; fileRef = 814775952528E75800EDBE79 /* Localizable.strings */; };
		8179B2912528DF7C00A537B7 /* timetrackerUITests.swift in Sources */ = {isa = PBXBuildFile; fileRef = 8179B2902528DF7C00A537B7 /* timetrackerUITests.swift */; };
		8179B33F2528E02100A537B7 /* StatisticsView.swift in Sources */ = {isa = PBXBuildFile; fileRef = 8179B3112528E02100A537B7 /* StatisticsView.swift */; };
		8179B3402528E02100A537B7 /* SettingsView.swift in Sources */ = {isa = PBXBuildFile; fileRef = 8179B3132528E02100A537B7 /* SettingsView.swift */; };
		8179B3412528E02100A537B7 /* EntryDetailsView.swift in Sources */ = {isa = PBXBuildFile; fileRef = 8179B3152528E02100A537B7 /* EntryDetailsView.swift */; };
		8179B3422528E02100A537B7 /* OverviewView.swift in Sources */ = {isa = PBXBuildFile; fileRef = 8179B3162528E02100A537B7 /* OverviewView.swift */; };
		8179B3432528E02100A537B7 /* CalendarView.swift in Sources */ = {isa = PBXBuildFile; fileRef = 8179B3172528E02100A537B7 /* CalendarView.swift */; };
		8179B3442528E02100A537B7 /* TimerView.swift in Sources */ = {isa = PBXBuildFile; fileRef = 8179B3192528E02100A537B7 /* TimerView.swift */; };
		8179B3452528E02100A537B7 /* Assets.xcassets in Resources */ = {isa = PBXBuildFile; fileRef = 8179B31A2528E02100A537B7 /* Assets.xcassets */; };
		8179B3462528E02100A537B7 /* ListView.swift in Sources */ = {isa = PBXBuildFile; fileRef = 8179B31C2528E02100A537B7 /* ListView.swift */; };
		8179B3472528E02100A537B7 /* WatchCommunicator.swift in Sources */ = {isa = PBXBuildFile; fileRef = 8179B31D2528E02100A537B7 /* WatchCommunicator.swift */; };
		8179B3482528E02100A537B7 /* App.swift in Sources */ = {isa = PBXBuildFile; fileRef = 8179B31E2528E02100A537B7 /* App.swift */; };
		8179B3492528E02100A537B7 /* ContentView.swift in Sources */ = {isa = PBXBuildFile; fileRef = 8179B31F2528E02100A537B7 /* ContentView.swift */; };
		8179B34B2528E02100A537B7 /* WeekDay.swift in Sources */ = {isa = PBXBuildFile; fileRef = 8179B3232528E02100A537B7 /* WeekDay.swift */; };
		8179B34C2528E02100A537B7 /* TimeEntry.swift in Sources */ = {isa = PBXBuildFile; fileRef = 8179B3242528E02100A537B7 /* TimeEntry.swift */; };
		8179B34D2528E02100A537B7 /* AppState.swift in Sources */ = {isa = PBXBuildFile; fileRef = 8179B3262528E02100A537B7 /* AppState.swift */; };
		8179B34E2528E02100A537B7 /* StatisticsReducer.swift in Sources */ = {isa = PBXBuildFile; fileRef = 8179B3272528E02100A537B7 /* StatisticsReducer.swift */; };
		8179B34F2528E02100A537B7 /* SettingsActions.swift in Sources */ = {isa = PBXBuildFile; fileRef = 8179B3282528E02100A537B7 /* SettingsActions.swift */; };
		8179B3502528E02100A537B7 /* SettingsState.swift in Sources */ = {isa = PBXBuildFile; fileRef = 8179B3292528E02100A537B7 /* SettingsState.swift */; };
		8179B3512528E02100A537B7 /* GlobalMiddleware.swift in Sources */ = {isa = PBXBuildFile; fileRef = 8179B32A2528E02100A537B7 /* GlobalMiddleware.swift */; };
		8179B3522528E02100A537B7 /* TimeActions.swift in Sources */ = {isa = PBXBuildFile; fileRef = 8179B32B2528E02100A537B7 /* TimeActions.swift */; };
		8179B3532528E02100A537B7 /* TimeReducer.swift in Sources */ = {isa = PBXBuildFile; fileRef = 8179B32C2528E02100A537B7 /* TimeReducer.swift */; };
		8179B3542528E02100A537B7 /* StatisticsState.swift in Sources */ = {isa = PBXBuildFile; fileRef = 8179B32D2528E02100A537B7 /* StatisticsState.swift */; };
		8179B3552528E02100A537B7 /* TimeState.swift in Sources */ = {isa = PBXBuildFile; fileRef = 8179B32E2528E02100A537B7 /* TimeState.swift */; };
		8179B3562528E02100A537B7 /* SettingsReducer.swift in Sources */ = {isa = PBXBuildFile; fileRef = 8179B32F2528E02100A537B7 /* SettingsReducer.swift */; };
		8179B3572528E02100A537B7 /* StatisticsActions.swift in Sources */ = {isa = PBXBuildFile; fileRef = 8179B3302528E02100A537B7 /* StatisticsActions.swift */; };
		8179B3582528E02100A537B7 /* ExpansionHandler.swift in Sources */ = {isa = PBXBuildFile; fileRef = 8179B3322528E02100A537B7 /* ExpansionHandler.swift */; };
		8179B3592528E02100A537B7 /* AnimatableSystemFontModifier.swift in Sources */ = {isa = PBXBuildFile; fileRef = 8179B3332528E02100A537B7 /* AnimatableSystemFontModifier.swift */; };
		8179B35A2528E02100A537B7 /* Color+.swift in Sources */ = {isa = PBXBuildFile; fileRef = 8179B3342528E02100A537B7 /* Color+.swift */; };
		8179B35B2528E02100A537B7 /* Date+Strideable.swift in Sources */ = {isa = PBXBuildFile; fileRef = 8179B3352528E02100A537B7 /* Date+Strideable.swift */; };
		8179B35C2528E02100A537B7 /* Collection+average.swift in Sources */ = {isa = PBXBuildFile; fileRef = 8179B3362528E02100A537B7 /* Collection+average.swift */; };
		8179B35D2528E02100A537B7 /* CodableColor.swift in Sources */ = {isa = PBXBuildFile; fileRef = 8179B3372528E02100A537B7 /* CodableColor.swift */; };
		8179B35E2528E02100A537B7 /* Date+.swift in Sources */ = {isa = PBXBuildFile; fileRef = 8179B3382528E02100A537B7 /* Date+.swift */; };
		8179B35F2528E02100A537B7 /* TimeEntryEditView.swift in Sources */ = {isa = PBXBuildFile; fileRef = 8179B33A2528E02100A537B7 /* TimeEntryEditView.swift */; };
		8179B3602528E02100A537B7 /* ArcView.swift in Sources */ = {isa = PBXBuildFile; fileRef = 8179B33B2528E02100A537B7 /* ArcView.swift */; };
		8179B3612528E02100A537B7 /* VisualEffectView.swift in Sources */ = {isa = PBXBuildFile; fileRef = 8179B33C2528E02100A537B7 /* VisualEffectView.swift */; };
		8179B3622528E02100A537B7 /* MultipleValuesPickerView.swift in Sources */ = {isa = PBXBuildFile; fileRef = 8179B33D2528E02100A537B7 /* MultipleValuesPickerView.swift */; };
		8179B3632528E02100A537B7 /* TimeEntryListView.swift in Sources */ = {isa = PBXBuildFile; fileRef = 8179B33E2528E02100A537B7 /* TimeEntryListView.swift */; };
		8179B36E2528E03900A537B7 /* TimeReducerTests.swift in Sources */ = {isa = PBXBuildFile; fileRef = 8179B36A2528E03900A537B7 /* TimeReducerTests.swift */; };
		8179B36F2528E03900A537B7 /* Date+Tests.swift in Sources */ = {isa = PBXBuildFile; fileRef = 8179B36C2528E03900A537B7 /* Date+Tests.swift */; };
		8179B3702528E03900A537B7 /* TimeEntryTests.swift in Sources */ = {isa = PBXBuildFile; fileRef = 8179B36D2528E03900A537B7 /* TimeEntryTests.swift */; };
		8179B37F2528E08C00A537B7 /* Assets.xcassets in Resources */ = {isa = PBXBuildFile; fileRef = 8179B37E2528E08C00A537B7 /* Assets.xcassets */; };
		8179B3862528E08C00A537B7 /* watch Extension.appex in Embed App Extensions */ = {isa = PBXBuildFile; fileRef = 8179B3852528E08C00A537B7 /* watch Extension.appex */; settings = {ATTRIBUTES = (RemoveHeadersOnCopy, ); }; };
		8179B39D2528E08D00A537B7 /* watch.app in Embed Watch Content */ = {isa = PBXBuildFile; fileRef = 8179B37C2528E08B00A537B7 /* watch.app */; settings = {ATTRIBUTES = (RemoveHeadersOnCopy, ); }; };
		8179B3D32528E0BB00A537B7 /* ComplicationController.swift in Sources */ = {isa = PBXBuildFile; fileRef = 8179B3BD2528E0BA00A537B7 /* ComplicationController.swift */; };
		8179B3D42528E0BB00A537B7 /* ComplicationView.swift in Sources */ = {isa = PBXBuildFile; fileRef = 8179B3BE2528E0BA00A537B7 /* ComplicationView.swift */; };
		8179B3D52528E0BB00A537B7 /* WatchSizeHelper.swift in Sources */ = {isa = PBXBuildFile; fileRef = 8179B3C02528E0BA00A537B7 /* WatchSizeHelper.swift */; };
		8179B3D62528E0BB00A537B7 /* AppToWatchData.swift in Sources */ = {isa = PBXBuildFile; fileRef = 8179B3C12528E0BA00A537B7 /* AppToWatchData.swift */; };
		8179B3D82528E0BB00A537B7 /* ContentView.swift in Sources */ = {isa = PBXBuildFile; fileRef = 8179B3C32528E0BA00A537B7 /* ContentView.swift */; };
		8179B3D92528E0BB00A537B7 /* PushNotificationPayload.apns in Resources */ = {isa = PBXBuildFile; fileRef = 8179B3C52528E0BA00A537B7 /* PushNotificationPayload.apns */; };
		8179B3DA2528E0BB00A537B7 /* NotificationController.swift in Sources */ = {isa = PBXBuildFile; fileRef = 8179B3C62528E0BA00A537B7 /* NotificationController.swift */; };
		8179B3DB2528E0BB00A537B7 /* NotificationView.swift in Sources */ = {isa = PBXBuildFile; fileRef = 8179B3C72528E0BA00A537B7 /* NotificationView.swift */; };
		8179B3DC2528E0BB00A537B7 /* Assets.xcassets in Resources */ = {isa = PBXBuildFile; fileRef = 8179B3C82528E0BA00A537B7 /* Assets.xcassets */; };
		8179B3DD2528E0BB00A537B7 /* AppCommunicator.swift in Sources */ = {isa = PBXBuildFile; fileRef = 8179B3C92528E0BA00A537B7 /* AppCommunicator.swift */; };
		8179B3DF2528E0BB00A537B7 /* WatchState.swift in Sources */ = {isa = PBXBuildFile; fileRef = 8179B3CD2528E0BA00A537B7 /* WatchState.swift */; };
		8179B3E02528E0BB00A537B7 /* WatchMiddleware.swift in Sources */ = {isa = PBXBuildFile; fileRef = 8179B3CE2528E0BA00A537B7 /* WatchMiddleware.swift */; };
		8179B3E12528E0BB00A537B7 /* WatchReducer.swift in Sources */ = {isa = PBXBuildFile; fileRef = 8179B3CF2528E0BA00A537B7 /* WatchReducer.swift */; };
		8179B3E22528E0BB00A537B7 /* WatchActions.swift in Sources */ = {isa = PBXBuildFile; fileRef = 8179B3D02528E0BA00A537B7 /* WatchActions.swift */; };
		8179B3EF2528E10000A537B7 /* TimeEntry.swift in Sources */ = {isa = PBXBuildFile; fileRef = 8179B3242528E02100A537B7 /* TimeEntry.swift */; };
		8179B3F52528E12A00A537B7 /* ArcView.swift in Sources */ = {isa = PBXBuildFile; fileRef = 8179B33B2528E02100A537B7 /* ArcView.swift */; };
		8179B3FB2528E14A00A537B7 /* CodableColor.swift in Sources */ = {isa = PBXBuildFile; fileRef = 8179B3372528E02100A537B7 /* CodableColor.swift */; };
		8179B4062528E16200A537B7 /* WatchApp.swift in Sources */ = {isa = PBXBuildFile; fileRef = 8179B3D22528E0BB00A537B7 /* WatchApp.swift */; };
		8179B4112528E19200A537B7 /* Date+.swift in Sources */ = {isa = PBXBuildFile; fileRef = 8179B3382528E02100A537B7 /* Date+.swift */; };
		8179B4172528E19D00A537B7 /* Date+Strideable.swift in Sources */ = {isa = PBXBuildFile; fileRef = 8179B3352528E02100A537B7 /* Date+Strideable.swift */; };
		8179B41D2528E1A700A537B7 /* Collection+average.swift in Sources */ = {isa = PBXBuildFile; fileRef = 8179B3362528E02100A537B7 /* Collection+average.swift */; };
		8179B4232528E1B200A537B7 /* AnimatableSystemFontModifier.swift in Sources */ = {isa = PBXBuildFile; fileRef = 8179B3332528E02100A537B7 /* AnimatableSystemFontModifier.swift */; };
		8179B4352528E25300A537B7 /* SwiftUIFlux in Frameworks */ = {isa = PBXBuildFile; productRef = 8179B4342528E25300A537B7 /* SwiftUIFlux */; };
		8179B43D2528E25C00A537B7 /* SwiftUIFlux in Frameworks */ = {isa = PBXBuildFile; productRef = 8179B43C2528E25C00A537B7 /* SwiftUIFlux */; };
		8179B4452528E2C800A537B7 /* PartialSheet in Frameworks */ = {isa = PBXBuildFile; productRef = 8179B4442528E2C800A537B7 /* PartialSheet */; };
		8179B45A2528E32400A537B7 /* AppToWatchData.swift in Sources */ = {isa = PBXBuildFile; fileRef = 8179B3C12528E0BA00A537B7 /* AppToWatchData.swift */; };
/* End PBXBuildFile section */

/* Begin PBXContainerItemProxy section */
		814775112528E46400EDBE79 /* PBXContainerItemProxy */ = {
			isa = PBXContainerItemProxy;
			containerPortal = 8179B2682528DF7B00A537B7 /* Project object */;
			proxyType = 1;
			remoteGlobalIDString = 814775052528E46300EDBE79;
			remoteInfo = widgetExtension;
		};
		8179B2822528DF7C00A537B7 /* PBXContainerItemProxy */ = {
			isa = PBXContainerItemProxy;
			containerPortal = 8179B2682528DF7B00A537B7 /* Project object */;
			proxyType = 1;
			remoteGlobalIDString = 8179B26F2528DF7B00A537B7;
			remoteInfo = timetracker;
		};
		8179B28D2528DF7C00A537B7 /* PBXContainerItemProxy */ = {
			isa = PBXContainerItemProxy;
			containerPortal = 8179B2682528DF7B00A537B7 /* Project object */;
			proxyType = 1;
			remoteGlobalIDString = 8179B26F2528DF7B00A537B7;
			remoteInfo = timetracker;
		};
		8179B3872528E08C00A537B7 /* PBXContainerItemProxy */ = {
			isa = PBXContainerItemProxy;
			containerPortal = 8179B2682528DF7B00A537B7 /* Project object */;
			proxyType = 1;
			remoteGlobalIDString = 8179B3842528E08C00A537B7;
			remoteInfo = "watch Extension";
		};
		8179B39B2528E08D00A537B7 /* PBXContainerItemProxy */ = {
			isa = PBXContainerItemProxy;
			containerPortal = 8179B2682528DF7B00A537B7 /* Project object */;
			proxyType = 1;
			remoteGlobalIDString = 8179B37B2528E08B00A537B7;
			remoteInfo = watch;
		};
/* End PBXContainerItemProxy section */

/* Begin PBXCopyFilesBuildPhase section */
		814775142528E46400EDBE79 /* Embed App Extensions */ = {
			isa = PBXCopyFilesBuildPhase;
			buildActionMask = 2147483647;
			dstPath = "";
			dstSubfolderSpec = 13;
			files = (
				814775132528E46400EDBE79 /* widgetExtension.appex in Embed App Extensions */,
			);
			name = "Embed App Extensions";
			runOnlyForDeploymentPostprocessing = 0;
		};
		8179B3A12528E08D00A537B7 /* Embed App Extensions */ = {
			isa = PBXCopyFilesBuildPhase;
			buildActionMask = 2147483647;
			dstPath = "";
			dstSubfolderSpec = 13;
			files = (
				8179B3862528E08C00A537B7 /* watch Extension.appex in Embed App Extensions */,
			);
			name = "Embed App Extensions";
			runOnlyForDeploymentPostprocessing = 0;
		};
		8179B3A52528E08D00A537B7 /* Embed Watch Content */ = {
			isa = PBXCopyFilesBuildPhase;
			buildActionMask = 2147483647;
			dstPath = "$(CONTENTS_FOLDER_PATH)/Watch";
			dstSubfolderSpec = 16;
			files = (
				8179B39D2528E08D00A537B7 /* watch.app in Embed Watch Content */,
			);
			name = "Embed Watch Content";
			runOnlyForDeploymentPostprocessing = 0;
		};
/* End PBXCopyFilesBuildPhase section */

/* Begin PBXFileReference section */
		814775062528E46300EDBE79 /* widgetExtension.appex */ = {isa = PBXFileReference; explicitFileType = "wrapper.app-extension"; includeInIndex = 0; path = widgetExtension.appex; sourceTree = BUILT_PRODUCTS_DIR; };
		814775072528E46300EDBE79 /* WidgetKit.framework */ = {isa = PBXFileReference; lastKnownFileType = wrapper.framework; name = WidgetKit.framework; path = System/Library/Frameworks/WidgetKit.framework; sourceTree = SDKROOT; };
		814775092528E46300EDBE79 /* SwiftUI.framework */ = {isa = PBXFileReference; lastKnownFileType = wrapper.framework; name = SwiftUI.framework; path = System/Library/Frameworks/SwiftUI.framework; sourceTree = SDKROOT; };
		8147750E2528E46400EDBE79 /* Assets.xcassets */ = {isa = PBXFileReference; lastKnownFileType = folder.assetcatalog; path = Assets.xcassets; sourceTree = "<group>"; };
		8147751E2528E47700EDBE79 /* TimerWidget.swift */ = {isa = PBXFileReference; fileEncoding = 4; lastKnownFileType = sourcecode.swift; path = TimerWidget.swift; sourceTree = "<group>"; };
		814775212528E47700EDBE79 /* WidgetData.swift */ = {isa = PBXFileReference; fileEncoding = 4; lastKnownFileType = sourcecode.swift; path = WidgetData.swift; sourceTree = "<group>"; };
		814775942528E75800EDBE79 /* en */ = {isa = PBXFileReference; lastKnownFileType = text.plist.strings; name = en; path = en.lproj/Localizable.strings; sourceTree = "<group>"; };
		8147759C2528E75D00EDBE79 /* de */ = {isa = PBXFileReference; lastKnownFileType = text.plist.strings; name = de; path = de.lproj/Localizable.strings; sourceTree = "<group>"; };
		814775C32528EAC600EDBE79 /* timetracker.entitlements */ = {isa = PBXFileReference; lastKnownFileType = text.plist.entitlements; path = timetracker.entitlements; sourceTree = "<group>"; };
		814775CA2528EAEB00EDBE79 /* widgetExtension.entitlements */ = {isa = PBXFileReference; lastKnownFileType = text.plist.entitlements; path = widgetExtension.entitlements; sourceTree = "<group>"; };
		814775ED2528F10C00EDBE79 /* Info.plist */ = {isa = PBXFileReference; fileEncoding = 4; lastKnownFileType = text.plist.xml; path = Info.plist; sourceTree = "<group>"; };
		8179B2702528DF7B00A537B7 /* timetracker.app */ = {isa = PBXFileReference; explicitFileType = wrapper.application; includeInIndex = 0; path = timetracker.app; sourceTree = BUILT_PRODUCTS_DIR; };
		8179B27C2528DF7C00A537B7 /* Info.plist */ = {isa = PBXFileReference; lastKnownFileType = text.plist.xml; path = Info.plist; sourceTree = "<group>"; };
		8179B2812528DF7C00A537B7 /* timetrackerTests.xctest */ = {isa = PBXFileReference; explicitFileType = wrapper.cfbundle; includeInIndex = 0; path = timetrackerTests.xctest; sourceTree = BUILT_PRODUCTS_DIR; };
		8179B2872528DF7C00A537B7 /* Info.plist */ = {isa = PBXFileReference; lastKnownFileType = text.plist.xml; path = Info.plist; sourceTree = "<group>"; };
		8179B28C2528DF7C00A537B7 /* timetrackerUITests.xctest */ = {isa = PBXFileReference; explicitFileType = wrapper.cfbundle; includeInIndex = 0; path = timetrackerUITests.xctest; sourceTree = BUILT_PRODUCTS_DIR; };
		8179B2902528DF7C00A537B7 /* timetrackerUITests.swift */ = {isa = PBXFileReference; lastKnownFileType = sourcecode.swift; path = timetrackerUITests.swift; sourceTree = "<group>"; };
		8179B2922528DF7C00A537B7 /* Info.plist */ = {isa = PBXFileReference; lastKnownFileType = text.plist.xml; path = Info.plist; sourceTree = "<group>"; };
		8179B3112528E02100A537B7 /* StatisticsView.swift */ = {isa = PBXFileReference; fileEncoding = 4; lastKnownFileType = sourcecode.swift; path = StatisticsView.swift; sourceTree = "<group>"; };
		8179B3132528E02100A537B7 /* SettingsView.swift */ = {isa = PBXFileReference; fileEncoding = 4; lastKnownFileType = sourcecode.swift; path = SettingsView.swift; sourceTree = "<group>"; };
		8179B3152528E02100A537B7 /* EntryDetailsView.swift */ = {isa = PBXFileReference; fileEncoding = 4; lastKnownFileType = sourcecode.swift; path = EntryDetailsView.swift; sourceTree = "<group>"; };
		8179B3162528E02100A537B7 /* OverviewView.swift */ = {isa = PBXFileReference; fileEncoding = 4; lastKnownFileType = sourcecode.swift; path = OverviewView.swift; sourceTree = "<group>"; };
		8179B3172528E02100A537B7 /* CalendarView.swift */ = {isa = PBXFileReference; fileEncoding = 4; lastKnownFileType = sourcecode.swift; path = CalendarView.swift; sourceTree = "<group>"; };
		8179B3192528E02100A537B7 /* TimerView.swift */ = {isa = PBXFileReference; fileEncoding = 4; lastKnownFileType = sourcecode.swift; path = TimerView.swift; sourceTree = "<group>"; };
		8179B31A2528E02100A537B7 /* Assets.xcassets */ = {isa = PBXFileReference; lastKnownFileType = folder.assetcatalog; name = Assets.xcassets; path = iOS/Assets.xcassets; sourceTree = "<group>"; };
		8179B31C2528E02100A537B7 /* ListView.swift */ = {isa = PBXFileReference; fileEncoding = 4; lastKnownFileType = sourcecode.swift; path = ListView.swift; sourceTree = "<group>"; };
		8179B31D2528E02100A537B7 /* WatchCommunicator.swift */ = {isa = PBXFileReference; fileEncoding = 4; lastKnownFileType = sourcecode.swift; path = WatchCommunicator.swift; sourceTree = "<group>"; };
		8179B31E2528E02100A537B7 /* App.swift */ = {isa = PBXFileReference; fileEncoding = 4; lastKnownFileType = sourcecode.swift; path = App.swift; sourceTree = "<group>"; };
		8179B31F2528E02100A537B7 /* ContentView.swift */ = {isa = PBXFileReference; fileEncoding = 4; lastKnownFileType = sourcecode.swift; path = ContentView.swift; sourceTree = "<group>"; };
		8179B3232528E02100A537B7 /* WeekDay.swift */ = {isa = PBXFileReference; fileEncoding = 4; lastKnownFileType = sourcecode.swift; path = WeekDay.swift; sourceTree = "<group>"; };
		8179B3242528E02100A537B7 /* TimeEntry.swift */ = {isa = PBXFileReference; fileEncoding = 4; lastKnownFileType = sourcecode.swift; path = TimeEntry.swift; sourceTree = "<group>"; };
		8179B3262528E02100A537B7 /* AppState.swift */ = {isa = PBXFileReference; fileEncoding = 4; lastKnownFileType = sourcecode.swift; path = AppState.swift; sourceTree = "<group>"; };
		8179B3272528E02100A537B7 /* StatisticsReducer.swift */ = {isa = PBXFileReference; fileEncoding = 4; lastKnownFileType = sourcecode.swift; path = StatisticsReducer.swift; sourceTree = "<group>"; };
		8179B3282528E02100A537B7 /* SettingsActions.swift */ = {isa = PBXFileReference; fileEncoding = 4; lastKnownFileType = sourcecode.swift; path = SettingsActions.swift; sourceTree = "<group>"; };
		8179B3292528E02100A537B7 /* SettingsState.swift */ = {isa = PBXFileReference; fileEncoding = 4; lastKnownFileType = sourcecode.swift; path = SettingsState.swift; sourceTree = "<group>"; };
		8179B32A2528E02100A537B7 /* GlobalMiddleware.swift */ = {isa = PBXFileReference; fileEncoding = 4; lastKnownFileType = sourcecode.swift; path = GlobalMiddleware.swift; sourceTree = "<group>"; };
		8179B32B2528E02100A537B7 /* TimeActions.swift */ = {isa = PBXFileReference; fileEncoding = 4; lastKnownFileType = sourcecode.swift; path = TimeActions.swift; sourceTree = "<group>"; };
		8179B32C2528E02100A537B7 /* TimeReducer.swift */ = {isa = PBXFileReference; fileEncoding = 4; lastKnownFileType = sourcecode.swift; path = TimeReducer.swift; sourceTree = "<group>"; };
		8179B32D2528E02100A537B7 /* StatisticsState.swift */ = {isa = PBXFileReference; fileEncoding = 4; lastKnownFileType = sourcecode.swift; path = StatisticsState.swift; sourceTree = "<group>"; };
		8179B32E2528E02100A537B7 /* TimeState.swift */ = {isa = PBXFileReference; fileEncoding = 4; lastKnownFileType = sourcecode.swift; path = TimeState.swift; sourceTree = "<group>"; };
		8179B32F2528E02100A537B7 /* SettingsReducer.swift */ = {isa = PBXFileReference; fileEncoding = 4; lastKnownFileType = sourcecode.swift; path = SettingsReducer.swift; sourceTree = "<group>"; };
		8179B3302528E02100A537B7 /* StatisticsActions.swift */ = {isa = PBXFileReference; fileEncoding = 4; lastKnownFileType = sourcecode.swift; path = StatisticsActions.swift; sourceTree = "<group>"; };
		8179B3322528E02100A537B7 /* ExpansionHandler.swift */ = {isa = PBXFileReference; fileEncoding = 4; lastKnownFileType = sourcecode.swift; path = ExpansionHandler.swift; sourceTree = "<group>"; };
		8179B3332528E02100A537B7 /* AnimatableSystemFontModifier.swift */ = {isa = PBXFileReference; fileEncoding = 4; lastKnownFileType = sourcecode.swift; path = AnimatableSystemFontModifier.swift; sourceTree = "<group>"; };
		8179B3342528E02100A537B7 /* Color+.swift */ = {isa = PBXFileReference; fileEncoding = 4; lastKnownFileType = sourcecode.swift; path = "Color+.swift"; sourceTree = "<group>"; };
		8179B3352528E02100A537B7 /* Date+Strideable.swift */ = {isa = PBXFileReference; fileEncoding = 4; lastKnownFileType = sourcecode.swift; path = "Date+Strideable.swift"; sourceTree = "<group>"; };
		8179B3362528E02100A537B7 /* Collection+average.swift */ = {isa = PBXFileReference; fileEncoding = 4; lastKnownFileType = sourcecode.swift; path = "Collection+average.swift"; sourceTree = "<group>"; };
		8179B3372528E02100A537B7 /* CodableColor.swift */ = {isa = PBXFileReference; fileEncoding = 4; lastKnownFileType = sourcecode.swift; path = CodableColor.swift; sourceTree = "<group>"; };
		8179B3382528E02100A537B7 /* Date+.swift */ = {isa = PBXFileReference; fileEncoding = 4; lastKnownFileType = sourcecode.swift; path = "Date+.swift"; sourceTree = "<group>"; };
		8179B33A2528E02100A537B7 /* TimeEntryEditView.swift */ = {isa = PBXFileReference; fileEncoding = 4; lastKnownFileType = sourcecode.swift; path = TimeEntryEditView.swift; sourceTree = "<group>"; };
		8179B33B2528E02100A537B7 /* ArcView.swift */ = {isa = PBXFileReference; fileEncoding = 4; lastKnownFileType = sourcecode.swift; path = ArcView.swift; sourceTree = "<group>"; };
		8179B33C2528E02100A537B7 /* VisualEffectView.swift */ = {isa = PBXFileReference; fileEncoding = 4; lastKnownFileType = sourcecode.swift; path = VisualEffectView.swift; sourceTree = "<group>"; };
		8179B33D2528E02100A537B7 /* MultipleValuesPickerView.swift */ = {isa = PBXFileReference; fileEncoding = 4; lastKnownFileType = sourcecode.swift; path = MultipleValuesPickerView.swift; sourceTree = "<group>"; };
		8179B33E2528E02100A537B7 /* TimeEntryListView.swift */ = {isa = PBXFileReference; fileEncoding = 4; lastKnownFileType = sourcecode.swift; path = TimeEntryListView.swift; sourceTree = "<group>"; };
		8179B36A2528E03900A537B7 /* TimeReducerTests.swift */ = {isa = PBXFileReference; fileEncoding = 4; lastKnownFileType = sourcecode.swift; path = TimeReducerTests.swift; sourceTree = "<group>"; };
		8179B36C2528E03900A537B7 /* Date+Tests.swift */ = {isa = PBXFileReference; fileEncoding = 4; lastKnownFileType = sourcecode.swift; path = "Date+Tests.swift"; sourceTree = "<group>"; };
		8179B36D2528E03900A537B7 /* TimeEntryTests.swift */ = {isa = PBXFileReference; fileEncoding = 4; lastKnownFileType = sourcecode.swift; path = TimeEntryTests.swift; sourceTree = "<group>"; };
		8179B37C2528E08B00A537B7 /* watch.app */ = {isa = PBXFileReference; explicitFileType = wrapper.application; includeInIndex = 0; path = watch.app; sourceTree = BUILT_PRODUCTS_DIR; };
		8179B37E2528E08C00A537B7 /* Assets.xcassets */ = {isa = PBXFileReference; lastKnownFileType = folder.assetcatalog; path = Assets.xcassets; sourceTree = "<group>"; };
		8179B3802528E08C00A537B7 /* Info.plist */ = {isa = PBXFileReference; lastKnownFileType = text.plist.xml; path = Info.plist; sourceTree = "<group>"; };
		8179B3852528E08C00A537B7 /* watch Extension.appex */ = {isa = PBXFileReference; explicitFileType = "wrapper.app-extension"; includeInIndex = 0; path = "watch Extension.appex"; sourceTree = BUILT_PRODUCTS_DIR; };
		8179B3BD2528E0BA00A537B7 /* ComplicationController.swift */ = {isa = PBXFileReference; fileEncoding = 4; lastKnownFileType = sourcecode.swift; path = ComplicationController.swift; sourceTree = "<group>"; };
		8179B3BE2528E0BA00A537B7 /* ComplicationView.swift */ = {isa = PBXFileReference; fileEncoding = 4; lastKnownFileType = sourcecode.swift; path = ComplicationView.swift; sourceTree = "<group>"; };
		8179B3C02528E0BA00A537B7 /* WatchSizeHelper.swift */ = {isa = PBXFileReference; fileEncoding = 4; lastKnownFileType = sourcecode.swift; path = WatchSizeHelper.swift; sourceTree = "<group>"; };
		8179B3C12528E0BA00A537B7 /* AppToWatchData.swift */ = {isa = PBXFileReference; fileEncoding = 4; lastKnownFileType = sourcecode.swift; path = AppToWatchData.swift; sourceTree = "<group>"; };
		8179B3C22528E0BA00A537B7 /* Info.plist */ = {isa = PBXFileReference; fileEncoding = 4; lastKnownFileType = text.plist.xml; path = Info.plist; sourceTree = "<group>"; };
		8179B3C32528E0BA00A537B7 /* ContentView.swift */ = {isa = PBXFileReference; fileEncoding = 4; lastKnownFileType = sourcecode.swift; path = ContentView.swift; sourceTree = "<group>"; };
		8179B3C52528E0BA00A537B7 /* PushNotificationPayload.apns */ = {isa = PBXFileReference; fileEncoding = 4; lastKnownFileType = text; path = PushNotificationPayload.apns; sourceTree = "<group>"; };
		8179B3C62528E0BA00A537B7 /* NotificationController.swift */ = {isa = PBXFileReference; fileEncoding = 4; lastKnownFileType = sourcecode.swift; path = NotificationController.swift; sourceTree = "<group>"; };
		8179B3C72528E0BA00A537B7 /* NotificationView.swift */ = {isa = PBXFileReference; fileEncoding = 4; lastKnownFileType = sourcecode.swift; path = NotificationView.swift; sourceTree = "<group>"; };
		8179B3C82528E0BA00A537B7 /* Assets.xcassets */ = {isa = PBXFileReference; lastKnownFileType = folder.assetcatalog; path = Assets.xcassets; sourceTree = "<group>"; };
		8179B3C92528E0BA00A537B7 /* AppCommunicator.swift */ = {isa = PBXFileReference; fileEncoding = 4; lastKnownFileType = sourcecode.swift; path = AppCommunicator.swift; sourceTree = "<group>"; };
		8179B3CD2528E0BA00A537B7 /* WatchState.swift */ = {isa = PBXFileReference; fileEncoding = 4; lastKnownFileType = sourcecode.swift; path = WatchState.swift; sourceTree = "<group>"; };
		8179B3CE2528E0BA00A537B7 /* WatchMiddleware.swift */ = {isa = PBXFileReference; fileEncoding = 4; lastKnownFileType = sourcecode.swift; path = WatchMiddleware.swift; sourceTree = "<group>"; };
		8179B3CF2528E0BA00A537B7 /* WatchReducer.swift */ = {isa = PBXFileReference; fileEncoding = 4; lastKnownFileType = sourcecode.swift; path = WatchReducer.swift; sourceTree = "<group>"; };
		8179B3D02528E0BA00A537B7 /* WatchActions.swift */ = {isa = PBXFileReference; fileEncoding = 4; lastKnownFileType = sourcecode.swift; path = WatchActions.swift; sourceTree = "<group>"; };
		8179B3D22528E0BB00A537B7 /* WatchApp.swift */ = {isa = PBXFileReference; fileEncoding = 4; lastKnownFileType = sourcecode.swift; path = WatchApp.swift; sourceTree = "<group>"; };
/* End PBXFileReference section */

/* Begin PBXFrameworksBuildPhase section */
		814775032528E46300EDBE79 /* Frameworks */ = {
			isa = PBXFrameworksBuildPhase;
			buildActionMask = 2147483647;
			files = (
				8147750A2528E46300EDBE79 /* SwiftUI.framework in Frameworks */,
				814775082528E46300EDBE79 /* WidgetKit.framework in Frameworks */,
			);
			runOnlyForDeploymentPostprocessing = 0;
		};
		8179B26D2528DF7B00A537B7 /* Frameworks */ = {
			isa = PBXFrameworksBuildPhase;
			buildActionMask = 2147483647;
			files = (
				8179B4452528E2C800A537B7 /* PartialSheet in Frameworks */,
				8179B4352528E25300A537B7 /* SwiftUIFlux in Frameworks */,
			);
			runOnlyForDeploymentPostprocessing = 0;
		};
		8179B27E2528DF7C00A537B7 /* Frameworks */ = {
			isa = PBXFrameworksBuildPhase;
			buildActionMask = 2147483647;
			files = (
			);
			runOnlyForDeploymentPostprocessing = 0;
		};
		8179B2892528DF7C00A537B7 /* Frameworks */ = {
			isa = PBXFrameworksBuildPhase;
			buildActionMask = 2147483647;
			files = (
			);
			runOnlyForDeploymentPostprocessing = 0;
		};
		8179B3822528E08C00A537B7 /* Frameworks */ = {
			isa = PBXFrameworksBuildPhase;
			buildActionMask = 2147483647;
			files = (
				8179B43D2528E25C00A537B7 /* SwiftUIFlux in Frameworks */,
			);
			runOnlyForDeploymentPostprocessing = 0;
		};
/* End PBXFrameworksBuildPhase section */

/* Begin PBXGroup section */
		8147750B2528E46400EDBE79 /* widget */ = {
			isa = PBXGroup;
			children = (
				814775CA2528EAEB00EDBE79 /* widgetExtension.entitlements */,
				8147750E2528E46400EDBE79 /* Assets.xcassets */,
				814775ED2528F10C00EDBE79 /* Info.plist */,
				8147751E2528E47700EDBE79 /* TimerWidget.swift */,
				814775212528E47700EDBE79 /* WidgetData.swift */,
			);
			path = widget;
			sourceTree = "<group>";
		};
		8179B2672528DF7B00A537B7 = {
			isa = PBXGroup;
			children = (
				814775952528E75800EDBE79 /* Localizable.strings */,
				8179B2722528DF7B00A537B7 /* timetracker */,
				8179B2842528DF7C00A537B7 /* timetrackerTests */,
				8179B28F2528DF7C00A537B7 /* timetrackerUITests */,
				8179B37D2528E08B00A537B7 /* watch */,
				8179B3892528E08C00A537B7 /* watch Extension */,
				8147750B2528E46400EDBE79 /* widget */,
				8179B2712528DF7B00A537B7 /* Products */,
				8179B43B2528E25C00A537B7 /* Frameworks */,
			);
			sourceTree = "<group>";
		};
		8179B2712528DF7B00A537B7 /* Products */ = {
			isa = PBXGroup;
			children = (
				8179B2702528DF7B00A537B7 /* timetracker.app */,
				8179B2812528DF7C00A537B7 /* timetrackerTests.xctest */,
				8179B28C2528DF7C00A537B7 /* timetrackerUITests.xctest */,
				8179B37C2528E08B00A537B7 /* watch.app */,
				8179B3852528E08C00A537B7 /* watch Extension.appex */,
				814775062528E46300EDBE79 /* widgetExtension.appex */,
			);
			name = Products;
			sourceTree = "<group>";
		};
		8179B2722528DF7B00A537B7 /* timetracker */ = {
			isa = PBXGroup;
			children = (
				814775C32528EAC600EDBE79 /* timetracker.entitlements */,
				8179B30F2528E02100A537B7 /* iOS */,
				8179B3212528E02100A537B7 /* Shared */,
				8179B31A2528E02100A537B7 /* Assets.xcassets */,
				8179B27C2528DF7C00A537B7 /* Info.plist */,
			);
			path = timetracker;
			sourceTree = "<group>";
		};
		8179B2842528DF7C00A537B7 /* timetrackerTests */ = {
			isa = PBXGroup;
			children = (
				8179B36B2528E03900A537B7 /* Extensions */,
				8179B2872528DF7C00A537B7 /* Info.plist */,
				8179B36D2528E03900A537B7 /* TimeEntryTests.swift */,
				8179B36A2528E03900A537B7 /* TimeReducerTests.swift */,
			);
			path = timetrackerTests;
			sourceTree = "<group>";
		};
		8179B28F2528DF7C00A537B7 /* timetrackerUITests */ = {
			isa = PBXGroup;
			children = (
				8179B2902528DF7C00A537B7 /* timetrackerUITests.swift */,
				8179B2922528DF7C00A537B7 /* Info.plist */,
			);
			path = timetrackerUITests;
			sourceTree = "<group>";
		};
		8179B30F2528E02100A537B7 /* iOS */ = {
			isa = PBXGroup;
			children = (
				8179B31E2528E02100A537B7 /* App.swift */,
				8179B3142528E02100A537B7 /* Calendar */,
				8179B31F2528E02100A537B7 /* ContentView.swift */,
				8179B31B2528E02100A537B7 /* List */,
				8179B3122528E02100A537B7 /* Settings */,
				8179B3102528E02100A537B7 /* Statistics */,
				8179B3182528E02100A537B7 /* Timer */,
				8179B31D2528E02100A537B7 /* WatchCommunicator.swift */,
			);
			path = iOS;
			sourceTree = "<group>";
		};
		8179B3102528E02100A537B7 /* Statistics */ = {
			isa = PBXGroup;
			children = (
				8179B3112528E02100A537B7 /* StatisticsView.swift */,
			);
			path = Statistics;
			sourceTree = "<group>";
		};
		8179B3122528E02100A537B7 /* Settings */ = {
			isa = PBXGroup;
			children = (
				8179B3132528E02100A537B7 /* SettingsView.swift */,
			);
			path = Settings;
			sourceTree = "<group>";
		};
		8179B3142528E02100A537B7 /* Calendar */ = {
			isa = PBXGroup;
			children = (
				8179B3172528E02100A537B7 /* CalendarView.swift */,
				8179B3152528E02100A537B7 /* EntryDetailsView.swift */,
				8179B3162528E02100A537B7 /* OverviewView.swift */,
			);
			path = Calendar;
			sourceTree = "<group>";
		};
		8179B3182528E02100A537B7 /* Timer */ = {
			isa = PBXGroup;
			children = (
				8179B3192528E02100A537B7 /* TimerView.swift */,
			);
			path = Timer;
			sourceTree = "<group>";
		};
		8179B31B2528E02100A537B7 /* List */ = {
			isa = PBXGroup;
			children = (
				8179B31C2528E02100A537B7 /* ListView.swift */,
			);
			path = List;
			sourceTree = "<group>";
		};
		8179B3212528E02100A537B7 /* Shared */ = {
			isa = PBXGroup;
			children = (
				8179B3222528E02100A537B7 /* Models */,
				8179B3252528E02100A537B7 /* State */,
				8179B3312528E02100A537B7 /* Extensions */,
				8179B3392528E02100A537B7 /* Views */,
			);
			path = Shared;
			sourceTree = "<group>";
		};
		8179B3222528E02100A537B7 /* Models */ = {
			isa = PBXGroup;
			children = (
				8179B3242528E02100A537B7 /* TimeEntry.swift */,
				8179B3232528E02100A537B7 /* WeekDay.swift */,
			);
			path = Models;
			sourceTree = "<group>";
		};
		8179B3252528E02100A537B7 /* State */ = {
			isa = PBXGroup;
			children = (
				8179B3262528E02100A537B7 /* AppState.swift */,
				8179B32A2528E02100A537B7 /* GlobalMiddleware.swift */,
				8179B3282528E02100A537B7 /* SettingsActions.swift */,
				8179B32F2528E02100A537B7 /* SettingsReducer.swift */,
				8179B3292528E02100A537B7 /* SettingsState.swift */,
				8179B3302528E02100A537B7 /* StatisticsActions.swift */,
				8179B3272528E02100A537B7 /* StatisticsReducer.swift */,
				8179B32D2528E02100A537B7 /* StatisticsState.swift */,
				8179B32B2528E02100A537B7 /* TimeActions.swift */,
				8179B32C2528E02100A537B7 /* TimeReducer.swift */,
				8179B32E2528E02100A537B7 /* TimeState.swift */,
			);
			path = State;
			sourceTree = "<group>";
		};
		8179B3312528E02100A537B7 /* Extensions */ = {
			isa = PBXGroup;
			children = (
				8179B3332528E02100A537B7 /* AnimatableSystemFontModifier.swift */,
				8179B3372528E02100A537B7 /* CodableColor.swift */,
				8179B3362528E02100A537B7 /* Collection+average.swift */,
				8179B3342528E02100A537B7 /* Color+.swift */,
				8179B3382528E02100A537B7 /* Date+.swift */,
				8179B3352528E02100A537B7 /* Date+Strideable.swift */,
				8179B3322528E02100A537B7 /* ExpansionHandler.swift */,
			);
			path = Extensions;
			sourceTree = "<group>";
		};
		8179B3392528E02100A537B7 /* Views */ = {
			isa = PBXGroup;
			children = (
				8179B33B2528E02100A537B7 /* ArcView.swift */,
				8179B33D2528E02100A537B7 /* MultipleValuesPickerView.swift */,
				8179B33A2528E02100A537B7 /* TimeEntryEditView.swift */,
				8179B33E2528E02100A537B7 /* TimeEntryListView.swift */,
				8179B33C2528E02100A537B7 /* VisualEffectView.swift */,
			);
			path = Views;
			sourceTree = "<group>";
		};
		8179B36B2528E03900A537B7 /* Extensions */ = {
			isa = PBXGroup;
			children = (
				8179B36C2528E03900A537B7 /* Date+Tests.swift */,
			);
			path = Extensions;
			sourceTree = "<group>";
		};
		8179B37D2528E08B00A537B7 /* watch */ = {
			isa = PBXGroup;
			children = (
				8179B37E2528E08C00A537B7 /* Assets.xcassets */,
				8179B3802528E08C00A537B7 /* Info.plist */,
			);
			path = watch;
			sourceTree = "<group>";
		};
		8179B3892528E08C00A537B7 /* watch Extension */ = {
			isa = PBXGroup;
			children = (
				8179B3BC2528E0BA00A537B7 /* Complications */,
				8179B3BF2528E0BA00A537B7 /* Extensions */,
				8179B3C42528E0BA00A537B7 /* Notifications */,
				8179B3CC2528E0BA00A537B7 /* State */,
				8179B3D22528E0BB00A537B7 /* WatchApp.swift */,
				8179B3C32528E0BA00A537B7 /* ContentView.swift */,
				8179B3C92528E0BA00A537B7 /* AppCommunicator.swift */,
				8179B3C12528E0BA00A537B7 /* AppToWatchData.swift */,
				8179B3C22528E0BA00A537B7 /* Info.plist */,
				8179B3C82528E0BA00A537B7 /* Assets.xcassets */,
			);
			path = "watch Extension";
			sourceTree = "<group>";
		};
		8179B3BC2528E0BA00A537B7 /* Complications */ = {
			isa = PBXGroup;
			children = (
				8179B3BD2528E0BA00A537B7 /* ComplicationController.swift */,
				8179B3BE2528E0BA00A537B7 /* ComplicationView.swift */,
			);
			path = Complications;
			sourceTree = "<group>";
		};
		8179B3BF2528E0BA00A537B7 /* Extensions */ = {
			isa = PBXGroup;
			children = (
				8179B3C02528E0BA00A537B7 /* WatchSizeHelper.swift */,
			);
			path = Extensions;
			sourceTree = "<group>";
		};
		8179B3C42528E0BA00A537B7 /* Notifications */ = {
			isa = PBXGroup;
			children = (
				8179B3C62528E0BA00A537B7 /* NotificationController.swift */,
				8179B3C72528E0BA00A537B7 /* NotificationView.swift */,
				8179B3C52528E0BA00A537B7 /* PushNotificationPayload.apns */,
			);
			path = Notifications;
			sourceTree = "<group>";
		};
		8179B3CC2528E0BA00A537B7 /* State */ = {
			isa = PBXGroup;
			children = (
				8179B3D02528E0BA00A537B7 /* WatchActions.swift */,
				8179B3CE2528E0BA00A537B7 /* WatchMiddleware.swift */,
				8179B3CF2528E0BA00A537B7 /* WatchReducer.swift */,
				8179B3CD2528E0BA00A537B7 /* WatchState.swift */,
			);
			path = State;
			sourceTree = "<group>";
		};
		8179B43B2528E25C00A537B7 /* Frameworks */ = {
			isa = PBXGroup;
			children = (
				814775072528E46300EDBE79 /* WidgetKit.framework */,
				814775092528E46300EDBE79 /* SwiftUI.framework */,
			);
			name = Frameworks;
			sourceTree = "<group>";
		};
/* End PBXGroup section */

/* Begin PBXNativeTarget section */
		814775052528E46300EDBE79 /* widgetExtension */ = {
			isa = PBXNativeTarget;
			buildConfigurationList = 814775172528E46400EDBE79 /* Build configuration list for PBXNativeTarget "widgetExtension" */;
			buildPhases = (
				814775022528E46300EDBE79 /* Sources */,
				814775032528E46300EDBE79 /* Frameworks */,
				814775042528E46300EDBE79 /* Resources */,
			);
			buildRules = (
			);
			dependencies = (
			);
			name = widgetExtension;
			productName = widgetExtension;
			productReference = 814775062528E46300EDBE79 /* widgetExtension.appex */;
			productType = "com.apple.product-type.app-extension";
		};
		8179B26F2528DF7B00A537B7 /* timetracker */ = {
			isa = PBXNativeTarget;
			buildConfigurationList = 8179B2952528DF7C00A537B7 /* Build configuration list for PBXNativeTarget "timetracker" */;
			buildPhases = (
				8179B26C2528DF7B00A537B7 /* Sources */,
				8179B26D2528DF7B00A537B7 /* Frameworks */,
				8179B26E2528DF7B00A537B7 /* Resources */,
				8179B3A52528E08D00A537B7 /* Embed Watch Content */,
				814775142528E46400EDBE79 /* Embed App Extensions */,
			);
			buildRules = (
			);
			dependencies = (
				8179B39C2528E08D00A537B7 /* PBXTargetDependency */,
				814775122528E46400EDBE79 /* PBXTargetDependency */,
			);
			name = timetracker;
			packageProductDependencies = (
				8179B4342528E25300A537B7 /* SwiftUIFlux */,
				8179B4442528E2C800A537B7 /* PartialSheet */,
			);
			productName = timetracker;
			productReference = 8179B2702528DF7B00A537B7 /* timetracker.app */;
			productType = "com.apple.product-type.application";
		};
		8179B2802528DF7C00A537B7 /* timetrackerTests */ = {
			isa = PBXNativeTarget;
			buildConfigurationList = 8179B2982528DF7C00A537B7 /* Build configuration list for PBXNativeTarget "timetrackerTests" */;
			buildPhases = (
				8179B27D2528DF7C00A537B7 /* Sources */,
				8179B27E2528DF7C00A537B7 /* Frameworks */,
				8179B27F2528DF7C00A537B7 /* Resources */,
			);
			buildRules = (
			);
			dependencies = (
				8179B2832528DF7C00A537B7 /* PBXTargetDependency */,
			);
			name = timetrackerTests;
			productName = timetrackerTests;
			productReference = 8179B2812528DF7C00A537B7 /* timetrackerTests.xctest */;
			productType = "com.apple.product-type.bundle.unit-test";
		};
		8179B28B2528DF7C00A537B7 /* timetrackerUITests */ = {
			isa = PBXNativeTarget;
			buildConfigurationList = 8179B29B2528DF7C00A537B7 /* Build configuration list for PBXNativeTarget "timetrackerUITests" */;
			buildPhases = (
				8179B2882528DF7C00A537B7 /* Sources */,
				8179B2892528DF7C00A537B7 /* Frameworks */,
				8179B28A2528DF7C00A537B7 /* Resources */,
			);
			buildRules = (
			);
			dependencies = (
				8179B28E2528DF7C00A537B7 /* PBXTargetDependency */,
			);
			name = timetrackerUITests;
			productName = timetrackerUITests;
			productReference = 8179B28C2528DF7C00A537B7 /* timetrackerUITests.xctest */;
			productType = "com.apple.product-type.bundle.ui-testing";
		};
		8179B37B2528E08B00A537B7 /* watch */ = {
			isa = PBXNativeTarget;
			buildConfigurationList = 8179B3A22528E08D00A537B7 /* Build configuration list for PBXNativeTarget "watch" */;
			buildPhases = (
				8179B37A2528E08B00A537B7 /* Resources */,
				8179B3A12528E08D00A537B7 /* Embed App Extensions */,
			);
			buildRules = (
			);
			dependencies = (
				8179B3882528E08C00A537B7 /* PBXTargetDependency */,
			);
			name = watch;
			productName = watch;
			productReference = 8179B37C2528E08B00A537B7 /* watch.app */;
			productType = "com.apple.product-type.application.watchapp2";
		};
		8179B3842528E08C00A537B7 /* watch Extension */ = {
			isa = PBXNativeTarget;
			buildConfigurationList = 8179B39E2528E08D00A537B7 /* Build configuration list for PBXNativeTarget "watch Extension" */;
			buildPhases = (
				8179B3812528E08C00A537B7 /* Sources */,
				8179B3822528E08C00A537B7 /* Frameworks */,
				8179B3832528E08C00A537B7 /* Resources */,
			);
			buildRules = (
			);
			dependencies = (
			);
			name = "watch Extension";
			packageProductDependencies = (
				8179B43C2528E25C00A537B7 /* SwiftUIFlux */,
			);
			productName = "watch Extension";
			productReference = 8179B3852528E08C00A537B7 /* watch Extension.appex */;
			productType = "com.apple.product-type.watchkit2-extension";
		};
/* End PBXNativeTarget section */

/* Begin PBXProject section */
		8179B2682528DF7B00A537B7 /* Project object */ = {
			isa = PBXProject;
			attributes = {
				LastSwiftUpdateCheck = 1200;
				LastUpgradeCheck = 1200;
				TargetAttributes = {
					814775052528E46300EDBE79 = {
						CreatedOnToolsVersion = 12.0;
					};
					8179B26F2528DF7B00A537B7 = {
						CreatedOnToolsVersion = 12.0;
					};
					8179B2802528DF7C00A537B7 = {
						CreatedOnToolsVersion = 12.0;
						LastSwiftMigration = 1200;
						TestTargetID = 8179B26F2528DF7B00A537B7;
					};
					8179B28B2528DF7C00A537B7 = {
						CreatedOnToolsVersion = 12.0;
						TestTargetID = 8179B26F2528DF7B00A537B7;
					};
					8179B37B2528E08B00A537B7 = {
						CreatedOnToolsVersion = 12.0;
					};
					8179B3842528E08C00A537B7 = {
						CreatedOnToolsVersion = 12.0;
						LastSwiftMigration = 1200;
					};
				};
			};
			buildConfigurationList = 8179B26B2528DF7B00A537B7 /* Build configuration list for PBXProject "timetracker" */;
			compatibilityVersion = "Xcode 9.3";
			developmentRegion = en;
			hasScannedForEncodings = 0;
			knownRegions = (
				en,
				Base,
				de,
			);
			mainGroup = 8179B2672528DF7B00A537B7;
			packageReferences = (
				8179B4332528E25300A537B7 /* XCRemoteSwiftPackageReference "SwiftUIFlux" */,
				8179B4432528E2C800A537B7 /* XCRemoteSwiftPackageReference "PartialSheet" */,
			);
			productRefGroup = 8179B2712528DF7B00A537B7 /* Products */;
			projectDirPath = "";
			projectRoot = "";
			targets = (
				8179B26F2528DF7B00A537B7 /* timetracker */,
				8179B2802528DF7C00A537B7 /* timetrackerTests */,
				8179B28B2528DF7C00A537B7 /* timetrackerUITests */,
				8179B37B2528E08B00A537B7 /* watch */,
				8179B3842528E08C00A537B7 /* watch Extension */,
				814775052528E46300EDBE79 /* widgetExtension */,
			);
		};
/* End PBXProject section */

/* Begin PBXResourcesBuildPhase section */
		814775042528E46300EDBE79 /* Resources */ = {
			isa = PBXResourcesBuildPhase;
			buildActionMask = 2147483647;
			files = (
				8147750F2528E46400EDBE79 /* Assets.xcassets in Resources */,
			);
			runOnlyForDeploymentPostprocessing = 0;
		};
		8179B26E2528DF7B00A537B7 /* Resources */ = {
			isa = PBXResourcesBuildPhase;
			buildActionMask = 2147483647;
			files = (
				8179B3452528E02100A537B7 /* Assets.xcassets in Resources */,
				814775922528E75800EDBE79 /* Localizable.strings in Resources */,
			);
			runOnlyForDeploymentPostprocessing = 0;
		};
		8179B27F2528DF7C00A537B7 /* Resources */ = {
			isa = PBXResourcesBuildPhase;
			buildActionMask = 2147483647;
			files = (
			);
			runOnlyForDeploymentPostprocessing = 0;
		};
		8179B28A2528DF7C00A537B7 /* Resources */ = {
			isa = PBXResourcesBuildPhase;
			buildActionMask = 2147483647;
			files = (
			);
			runOnlyForDeploymentPostprocessing = 0;
		};
		8179B37A2528E08B00A537B7 /* Resources */ = {
			isa = PBXResourcesBuildPhase;
			buildActionMask = 2147483647;
			files = (
				8179B37F2528E08C00A537B7 /* Assets.xcassets in Resources */,
			);
			runOnlyForDeploymentPostprocessing = 0;
		};
		8179B3832528E08C00A537B7 /* Resources */ = {
			isa = PBXResourcesBuildPhase;
			buildActionMask = 2147483647;
			files = (
				814775932528E75800EDBE79 /* Localizable.strings in Resources */,
				8179B3DC2528E0BB00A537B7 /* Assets.xcassets in Resources */,
				8179B3D92528E0BB00A537B7 /* PushNotificationPayload.apns in Resources */,
			);
			runOnlyForDeploymentPostprocessing = 0;
		};
/* End PBXResourcesBuildPhase section */

/* Begin PBXSourcesBuildPhase section */
		814775022528E46300EDBE79 /* Sources */ = {
			isa = PBXSourcesBuildPhase;
			buildActionMask = 2147483647;
			files = (
				8147757E2528E5E700EDBE79 /* Date+Strideable.swift in Sources */,
				814775852528E5F000EDBE79 /* AnimatableSystemFontModifier.swift in Sources */,
				8147754E2528E4C100EDBE79 /* CodableColor.swift in Sources */,
				8147755C2528E4F800EDBE79 /* Collection+average.swift in Sources */,
				814775262528E47700EDBE79 /* WidgetData.swift in Sources */,
				814775552528E4EF00EDBE79 /* Date+.swift in Sources */,
				814775232528E47700EDBE79 /* TimerWidget.swift in Sources */,
				814775772528E5D800EDBE79 /* ArcView.swift in Sources */,
				814775472528E4B900EDBE79 /* TimeEntry.swift in Sources */,
			);
			runOnlyForDeploymentPostprocessing = 0;
		};
		8179B26C2528DF7B00A537B7 /* Sources */ = {
			isa = PBXSourcesBuildPhase;
			buildActionMask = 2147483647;
			files = (
				8179B3502528E02100A537B7 /* SettingsState.swift in Sources */,
				8179B3412528E02100A537B7 /* EntryDetailsView.swift in Sources */,
				8179B3622528E02100A537B7 /* MultipleValuesPickerView.swift in Sources */,
				8179B3432528E02100A537B7 /* CalendarView.swift in Sources */,
				8179B3562528E02100A537B7 /* SettingsReducer.swift in Sources */,
				8179B3492528E02100A537B7 /* ContentView.swift in Sources */,
				8147753A2528E49100EDBE79 /* WidgetData.swift in Sources */,
				8179B3542528E02100A537B7 /* StatisticsState.swift in Sources */,
				8179B3482528E02100A537B7 /* App.swift in Sources */,
				8179B3422528E02100A537B7 /* OverviewView.swift in Sources */,
				8179B3552528E02100A537B7 /* TimeState.swift in Sources */,
				8179B34C2528E02100A537B7 /* TimeEntry.swift in Sources */,
				8179B34D2528E02100A537B7 /* AppState.swift in Sources */,
				8179B34E2528E02100A537B7 /* StatisticsReducer.swift in Sources */,
				8179B3632528E02100A537B7 /* TimeEntryListView.swift in Sources */,
				8179B3532528E02100A537B7 /* TimeReducer.swift in Sources */,
				8179B3402528E02100A537B7 /* SettingsView.swift in Sources */,
				8179B45A2528E32400A537B7 /* AppToWatchData.swift in Sources */,
				8179B35E2528E02100A537B7 /* Date+.swift in Sources */,
				8179B34B2528E02100A537B7 /* WeekDay.swift in Sources */,
				8179B35B2528E02100A537B7 /* Date+Strideable.swift in Sources */,
				8179B3522528E02100A537B7 /* TimeActions.swift in Sources */,
				8179B35F2528E02100A537B7 /* TimeEntryEditView.swift in Sources */,
				8179B33F2528E02100A537B7 /* StatisticsView.swift in Sources */,
				8179B3602528E02100A537B7 /* ArcView.swift in Sources */,
				8179B34F2528E02100A537B7 /* SettingsActions.swift in Sources */,
				8179B3592528E02100A537B7 /* AnimatableSystemFontModifier.swift in Sources */,
				8179B3512528E02100A537B7 /* GlobalMiddleware.swift in Sources */,
				8179B35D2528E02100A537B7 /* CodableColor.swift in Sources */,
				8179B35A2528E02100A537B7 /* Color+.swift in Sources */,
				8179B3472528E02100A537B7 /* WatchCommunicator.swift in Sources */,
				8179B3442528E02100A537B7 /* TimerView.swift in Sources */,
				8179B35C2528E02100A537B7 /* Collection+average.swift in Sources */,
				8179B3612528E02100A537B7 /* VisualEffectView.swift in Sources */,
				8179B3572528E02100A537B7 /* StatisticsActions.swift in Sources */,
				8179B3582528E02100A537B7 /* ExpansionHandler.swift in Sources */,
				8179B3462528E02100A537B7 /* ListView.swift in Sources */,
			);
			runOnlyForDeploymentPostprocessing = 0;
		};
		8179B27D2528DF7C00A537B7 /* Sources */ = {
			isa = PBXSourcesBuildPhase;
			buildActionMask = 2147483647;
			files = (
				8179B3702528E03900A537B7 /* TimeEntryTests.swift in Sources */,
				8179B36E2528E03900A537B7 /* TimeReducerTests.swift in Sources */,
				8179B36F2528E03900A537B7 /* Date+Tests.swift in Sources */,
			);
			runOnlyForDeploymentPostprocessing = 0;
		};
		8179B2882528DF7C00A537B7 /* Sources */ = {
			isa = PBXSourcesBuildPhase;
			buildActionMask = 2147483647;
			files = (
				8179B2912528DF7C00A537B7 /* timetrackerUITests.swift in Sources */,
			);
			runOnlyForDeploymentPostprocessing = 0;
		};
		8179B3812528E08C00A537B7 /* Sources */ = {
			isa = PBXSourcesBuildPhase;
			buildActionMask = 2147483647;
			files = (
				8179B3DA2528E0BB00A537B7 /* NotificationController.swift in Sources */,
				8179B3D62528E0BB00A537B7 /* AppToWatchData.swift in Sources */,
				8179B3DF2528E0BB00A537B7 /* WatchState.swift in Sources */,
				8179B3E02528E0BB00A537B7 /* WatchMiddleware.swift in Sources */,
				8179B3EF2528E10000A537B7 /* TimeEntry.swift in Sources */,
				8179B41D2528E1A700A537B7 /* Collection+average.swift in Sources */,
				8179B3E12528E0BB00A537B7 /* WatchReducer.swift in Sources */,
				8179B3DD2528E0BB00A537B7 /* AppCommunicator.swift in Sources */,
				8179B4062528E16200A537B7 /* WatchApp.swift in Sources */,
				8179B3F52528E12A00A537B7 /* ArcView.swift in Sources */,
				8179B3DB2528E0BB00A537B7 /* NotificationView.swift in Sources */,
				8179B3D82528E0BB00A537B7 /* ContentView.swift in Sources */,
				8179B3D42528E0BB00A537B7 /* ComplicationView.swift in Sources */,
				8179B4112528E19200A537B7 /* Date+.swift in Sources */,
				8179B3E22528E0BB00A537B7 /* WatchActions.swift in Sources */,
				8179B4172528E19D00A537B7 /* Date+Strideable.swift in Sources */,
				8179B3D32528E0BB00A537B7 /* ComplicationController.swift in Sources */,
				8179B3FB2528E14A00A537B7 /* CodableColor.swift in Sources */,
				8179B4232528E1B200A537B7 /* AnimatableSystemFontModifier.swift in Sources */,
				8179B3D52528E0BB00A537B7 /* WatchSizeHelper.swift in Sources */,
			);
			runOnlyForDeploymentPostprocessing = 0;
		};
/* End PBXSourcesBuildPhase section */

/* Begin PBXTargetDependency section */
		814775122528E46400EDBE79 /* PBXTargetDependency */ = {
			isa = PBXTargetDependency;
			target = 814775052528E46300EDBE79 /* widgetExtension */;
			targetProxy = 814775112528E46400EDBE79 /* PBXContainerItemProxy */;
		};
		8179B2832528DF7C00A537B7 /* PBXTargetDependency */ = {
			isa = PBXTargetDependency;
			target = 8179B26F2528DF7B00A537B7 /* timetracker */;
			targetProxy = 8179B2822528DF7C00A537B7 /* PBXContainerItemProxy */;
		};
		8179B28E2528DF7C00A537B7 /* PBXTargetDependency */ = {
			isa = PBXTargetDependency;
			target = 8179B26F2528DF7B00A537B7 /* timetracker */;
			targetProxy = 8179B28D2528DF7C00A537B7 /* PBXContainerItemProxy */;
		};
		8179B3882528E08C00A537B7 /* PBXTargetDependency */ = {
			isa = PBXTargetDependency;
			target = 8179B3842528E08C00A537B7 /* watch Extension */;
			targetProxy = 8179B3872528E08C00A537B7 /* PBXContainerItemProxy */;
		};
		8179B39C2528E08D00A537B7 /* PBXTargetDependency */ = {
			isa = PBXTargetDependency;
			target = 8179B37B2528E08B00A537B7 /* watch */;
			targetProxy = 8179B39B2528E08D00A537B7 /* PBXContainerItemProxy */;
		};
/* End PBXTargetDependency section */

/* Begin PBXVariantGroup section */
		814775952528E75800EDBE79 /* Localizable.strings */ = {
			isa = PBXVariantGroup;
			children = (
				814775942528E75800EDBE79 /* en */,
				8147759C2528E75D00EDBE79 /* de */,
			);
			name = Localizable.strings;
			sourceTree = "<group>";
		};
/* End PBXVariantGroup section */

/* Begin XCBuildConfiguration section */
		814775152528E46400EDBE79 /* Debug */ = {
			isa = XCBuildConfiguration;
			buildSettings = {
				ASSETCATALOG_COMPILER_GLOBAL_ACCENT_COLOR_NAME = AccentColor;
				ASSETCATALOG_COMPILER_WIDGET_BACKGROUND_COLOR_NAME = WidgetBackground;
				CODE_SIGN_ENTITLEMENTS = widget/widgetExtension.entitlements;
				CODE_SIGN_STYLE = Automatic;
				DEVELOPMENT_TEAM = 455K6552B4;
				INFOPLIST_FILE = widget/Info.plist;
				LD_RUNPATH_SEARCH_PATHS = (
					"$(inherited)",
					"@executable_path/Frameworks",
					"@executable_path/../../Frameworks",
				);
				PRODUCT_BUNDLE_IDENTIFIER = com.d4Rk.timetracker.widget;
				PRODUCT_NAME = "$(TARGET_NAME)";
				SKIP_INSTALL = YES;
				SWIFT_VERSION = 5.0;
				TARGETED_DEVICE_FAMILY = "1,2";
			};
			name = Debug;
		};
		814775162528E46400EDBE79 /* Release */ = {
			isa = XCBuildConfiguration;
			buildSettings = {
				ASSETCATALOG_COMPILER_GLOBAL_ACCENT_COLOR_NAME = AccentColor;
				ASSETCATALOG_COMPILER_WIDGET_BACKGROUND_COLOR_NAME = WidgetBackground;
				CODE_SIGN_ENTITLEMENTS = widget/widgetExtension.entitlements;
				CODE_SIGN_STYLE = Automatic;
				DEVELOPMENT_TEAM = 455K6552B4;
				INFOPLIST_FILE = widget/Info.plist;
				LD_RUNPATH_SEARCH_PATHS = (
					"$(inherited)",
					"@executable_path/Frameworks",
					"@executable_path/../../Frameworks",
				);
				PRODUCT_BUNDLE_IDENTIFIER = com.d4Rk.timetracker.widget;
				PRODUCT_NAME = "$(TARGET_NAME)";
				SKIP_INSTALL = YES;
				SWIFT_VERSION = 5.0;
				TARGETED_DEVICE_FAMILY = "1,2";
			};
			name = Release;
		};
		8179B2932528DF7C00A537B7 /* Debug */ = {
			isa = XCBuildConfiguration;
			buildSettings = {
				ALWAYS_SEARCH_USER_PATHS = NO;
				CLANG_ANALYZER_NONNULL = YES;
				CLANG_ANALYZER_NUMBER_OBJECT_CONVERSION = YES_AGGRESSIVE;
				CLANG_CXX_LANGUAGE_STANDARD = "gnu++14";
				CLANG_CXX_LIBRARY = "libc++";
				CLANG_ENABLE_MODULES = YES;
				CLANG_ENABLE_OBJC_ARC = YES;
				CLANG_ENABLE_OBJC_WEAK = YES;
				CLANG_WARN_BLOCK_CAPTURE_AUTORELEASING = YES;
				CLANG_WARN_BOOL_CONVERSION = YES;
				CLANG_WARN_COMMA = YES;
				CLANG_WARN_CONSTANT_CONVERSION = YES;
				CLANG_WARN_DEPRECATED_OBJC_IMPLEMENTATIONS = YES;
				CLANG_WARN_DIRECT_OBJC_ISA_USAGE = YES_ERROR;
				CLANG_WARN_DOCUMENTATION_COMMENTS = YES;
				CLANG_WARN_EMPTY_BODY = YES;
				CLANG_WARN_ENUM_CONVERSION = YES;
				CLANG_WARN_INFINITE_RECURSION = YES;
				CLANG_WARN_INT_CONVERSION = YES;
				CLANG_WARN_NON_LITERAL_NULL_CONVERSION = YES;
				CLANG_WARN_OBJC_IMPLICIT_RETAIN_SELF = YES;
				CLANG_WARN_OBJC_LITERAL_CONVERSION = YES;
				CLANG_WARN_OBJC_ROOT_CLASS = YES_ERROR;
				CLANG_WARN_QUOTED_INCLUDE_IN_FRAMEWORK_HEADER = YES;
				CLANG_WARN_RANGE_LOOP_ANALYSIS = YES;
				CLANG_WARN_STRICT_PROTOTYPES = YES;
				CLANG_WARN_SUSPICIOUS_MOVE = YES;
				CLANG_WARN_UNGUARDED_AVAILABILITY = YES_AGGRESSIVE;
				CLANG_WARN_UNREACHABLE_CODE = YES;
				CLANG_WARN__DUPLICATE_METHOD_MATCH = YES;
				COPY_PHASE_STRIP = NO;
				DEBUG_INFORMATION_FORMAT = dwarf;
				ENABLE_STRICT_OBJC_MSGSEND = YES;
				ENABLE_TESTABILITY = YES;
				GCC_C_LANGUAGE_STANDARD = gnu11;
				GCC_DYNAMIC_NO_PIC = NO;
				GCC_NO_COMMON_BLOCKS = YES;
				GCC_OPTIMIZATION_LEVEL = 0;
				GCC_PREPROCESSOR_DEFINITIONS = (
					"DEBUG=1",
					"$(inherited)",
				);
				GCC_WARN_64_TO_32_BIT_CONVERSION = YES;
				GCC_WARN_ABOUT_RETURN_TYPE = YES_ERROR;
				GCC_WARN_UNDECLARED_SELECTOR = YES;
				GCC_WARN_UNINITIALIZED_AUTOS = YES_AGGRESSIVE;
				GCC_WARN_UNUSED_FUNCTION = YES;
				GCC_WARN_UNUSED_VARIABLE = YES;
				IPHONEOS_DEPLOYMENT_TARGET = 14.0;
				MTL_ENABLE_DEBUG_INFO = INCLUDE_SOURCE;
				MTL_FAST_MATH = YES;
				ONLY_ACTIVE_ARCH = YES;
				SDKROOT = iphoneos;
				SWIFT_ACTIVE_COMPILATION_CONDITIONS = DEBUG;
				SWIFT_OPTIMIZATION_LEVEL = "-Onone";
			};
			name = Debug;
		};
		8179B2942528DF7C00A537B7 /* Release */ = {
			isa = XCBuildConfiguration;
			buildSettings = {
				ALWAYS_SEARCH_USER_PATHS = NO;
				CLANG_ANALYZER_NONNULL = YES;
				CLANG_ANALYZER_NUMBER_OBJECT_CONVERSION = YES_AGGRESSIVE;
				CLANG_CXX_LANGUAGE_STANDARD = "gnu++14";
				CLANG_CXX_LIBRARY = "libc++";
				CLANG_ENABLE_MODULES = YES;
				CLANG_ENABLE_OBJC_ARC = YES;
				CLANG_ENABLE_OBJC_WEAK = YES;
				CLANG_WARN_BLOCK_CAPTURE_AUTORELEASING = YES;
				CLANG_WARN_BOOL_CONVERSION = YES;
				CLANG_WARN_COMMA = YES;
				CLANG_WARN_CONSTANT_CONVERSION = YES;
				CLANG_WARN_DEPRECATED_OBJC_IMPLEMENTATIONS = YES;
				CLANG_WARN_DIRECT_OBJC_ISA_USAGE = YES_ERROR;
				CLANG_WARN_DOCUMENTATION_COMMENTS = YES;
				CLANG_WARN_EMPTY_BODY = YES;
				CLANG_WARN_ENUM_CONVERSION = YES;
				CLANG_WARN_INFINITE_RECURSION = YES;
				CLANG_WARN_INT_CONVERSION = YES;
				CLANG_WARN_NON_LITERAL_NULL_CONVERSION = YES;
				CLANG_WARN_OBJC_IMPLICIT_RETAIN_SELF = YES;
				CLANG_WARN_OBJC_LITERAL_CONVERSION = YES;
				CLANG_WARN_OBJC_ROOT_CLASS = YES_ERROR;
				CLANG_WARN_QUOTED_INCLUDE_IN_FRAMEWORK_HEADER = YES;
				CLANG_WARN_RANGE_LOOP_ANALYSIS = YES;
				CLANG_WARN_STRICT_PROTOTYPES = YES;
				CLANG_WARN_SUSPICIOUS_MOVE = YES;
				CLANG_WARN_UNGUARDED_AVAILABILITY = YES_AGGRESSIVE;
				CLANG_WARN_UNREACHABLE_CODE = YES;
				CLANG_WARN__DUPLICATE_METHOD_MATCH = YES;
				COPY_PHASE_STRIP = NO;
				DEBUG_INFORMATION_FORMAT = "dwarf-with-dsym";
				ENABLE_NS_ASSERTIONS = NO;
				ENABLE_STRICT_OBJC_MSGSEND = YES;
				GCC_C_LANGUAGE_STANDARD = gnu11;
				GCC_NO_COMMON_BLOCKS = YES;
				GCC_WARN_64_TO_32_BIT_CONVERSION = YES;
				GCC_WARN_ABOUT_RETURN_TYPE = YES_ERROR;
				GCC_WARN_UNDECLARED_SELECTOR = YES;
				GCC_WARN_UNINITIALIZED_AUTOS = YES_AGGRESSIVE;
				GCC_WARN_UNUSED_FUNCTION = YES;
				GCC_WARN_UNUSED_VARIABLE = YES;
				IPHONEOS_DEPLOYMENT_TARGET = 14.0;
				MTL_ENABLE_DEBUG_INFO = NO;
				MTL_FAST_MATH = YES;
				SDKROOT = iphoneos;
				SWIFT_COMPILATION_MODE = wholemodule;
				SWIFT_OPTIMIZATION_LEVEL = "-O";
				VALIDATE_PRODUCT = YES;
			};
			name = Release;
		};
		8179B2962528DF7C00A537B7 /* Debug */ = {
			isa = XCBuildConfiguration;
			buildSettings = {
				ALWAYS_EMBED_SWIFT_STANDARD_LIBRARIES = YES;
				ASSETCATALOG_COMPILER_APPICON_NAME = AppIcon;
				ASSETCATALOG_COMPILER_GLOBAL_ACCENT_COLOR_NAME = AccentColor;
				CODE_SIGN_ENTITLEMENTS = timetracker/timetracker.entitlements;
				CODE_SIGN_STYLE = Automatic;
				DEVELOPMENT_ASSET_PATHS = "";
				DEVELOPMENT_TEAM = 455K6552B4;
				ENABLE_PREVIEWS = YES;
				INFOPLIST_FILE = timetracker/Info.plist;
				IPHONEOS_DEPLOYMENT_TARGET = 14.0;
				LD_RUNPATH_SEARCH_PATHS = (
					"$(inherited)",
					"@executable_path/Frameworks",
				);
				PRODUCT_BUNDLE_IDENTIFIER = com.d4Rk.timetracker;
				PRODUCT_NAME = "$(TARGET_NAME)";
				SWIFT_VERSION = 5.0;
				TARGETED_DEVICE_FAMILY = "1,2";
			};
			name = Debug;
		};
		8179B2972528DF7C00A537B7 /* Release */ = {
			isa = XCBuildConfiguration;
			buildSettings = {
				ALWAYS_EMBED_SWIFT_STANDARD_LIBRARIES = YES;
				ASSETCATALOG_COMPILER_APPICON_NAME = AppIcon;
				ASSETCATALOG_COMPILER_GLOBAL_ACCENT_COLOR_NAME = AccentColor;
				CODE_SIGN_ENTITLEMENTS = timetracker/timetracker.entitlements;
				CODE_SIGN_STYLE = Automatic;
				DEVELOPMENT_ASSET_PATHS = "";
				DEVELOPMENT_TEAM = 455K6552B4;
				ENABLE_PREVIEWS = YES;
				INFOPLIST_FILE = timetracker/Info.plist;
				IPHONEOS_DEPLOYMENT_TARGET = 14.0;
				LD_RUNPATH_SEARCH_PATHS = (
					"$(inherited)",
					"@executable_path/Frameworks",
				);
				PRODUCT_BUNDLE_IDENTIFIER = com.d4Rk.timetracker;
				PRODUCT_NAME = "$(TARGET_NAME)";
				SWIFT_VERSION = 5.0;
				TARGETED_DEVICE_FAMILY = "1,2";
			};
			name = Release;
		};
		8179B2992528DF7C00A537B7 /* Debug */ = {
			isa = XCBuildConfiguration;
			buildSettings = {
				ALWAYS_EMBED_SWIFT_STANDARD_LIBRARIES = YES;
				BUNDLE_LOADER = "$(TEST_HOST)";
				CLANG_ENABLE_MODULES = YES;
				CODE_SIGN_STYLE = Automatic;
				DEVELOPMENT_TEAM = 455K6552B4;
				INFOPLIST_FILE = timetrackerTests/Info.plist;
				IPHONEOS_DEPLOYMENT_TARGET = 14.0;
				LD_RUNPATH_SEARCH_PATHS = (
					"$(inherited)",
					"@executable_path/Frameworks",
					"@loader_path/Frameworks",
				);
				PRODUCT_BUNDLE_IDENTIFIER = com.d4Rk.timetrackerTests;
				PRODUCT_NAME = "$(TARGET_NAME)";
				SWIFT_OPTIMIZATION_LEVEL = "-Onone";
				SWIFT_VERSION = 5.0;
				TARGETED_DEVICE_FAMILY = "1,2";
				TEST_HOST = "$(BUILT_PRODUCTS_DIR)/timetracker.app/timetracker";
			};
			name = Debug;
		};
		8179B29A2528DF7C00A537B7 /* Release */ = {
			isa = XCBuildConfiguration;
			buildSettings = {
				ALWAYS_EMBED_SWIFT_STANDARD_LIBRARIES = YES;
				BUNDLE_LOADER = "$(TEST_HOST)";
				CLANG_ENABLE_MODULES = YES;
				CODE_SIGN_STYLE = Automatic;
				DEVELOPMENT_TEAM = 455K6552B4;
				INFOPLIST_FILE = timetrackerTests/Info.plist;
				IPHONEOS_DEPLOYMENT_TARGET = 14.0;
				LD_RUNPATH_SEARCH_PATHS = (
					"$(inherited)",
					"@executable_path/Frameworks",
					"@loader_path/Frameworks",
				);
				PRODUCT_BUNDLE_IDENTIFIER = com.d4Rk.timetrackerTests;
				PRODUCT_NAME = "$(TARGET_NAME)";
				SWIFT_VERSION = 5.0;
				TARGETED_DEVICE_FAMILY = "1,2";
				TEST_HOST = "$(BUILT_PRODUCTS_DIR)/timetracker.app/timetracker";
			};
			name = Release;
		};
		8179B29C2528DF7C00A537B7 /* Debug */ = {
			isa = XCBuildConfiguration;
			buildSettings = {
				ALWAYS_EMBED_SWIFT_STANDARD_LIBRARIES = YES;
				CODE_SIGN_STYLE = Automatic;
				DEVELOPMENT_TEAM = 455K6552B4;
				INFOPLIST_FILE = timetrackerUITests/Info.plist;
				LD_RUNPATH_SEARCH_PATHS = (
					"$(inherited)",
					"@executable_path/Frameworks",
					"@loader_path/Frameworks",
				);
				PRODUCT_BUNDLE_IDENTIFIER = com.d4Rk.timetrackerUITests;
				PRODUCT_NAME = "$(TARGET_NAME)";
				SWIFT_VERSION = 5.0;
				TARGETED_DEVICE_FAMILY = "1,2";
				TEST_TARGET_NAME = timetracker;
			};
			name = Debug;
		};
		8179B29D2528DF7C00A537B7 /* Release */ = {
			isa = XCBuildConfiguration;
			buildSettings = {
				ALWAYS_EMBED_SWIFT_STANDARD_LIBRARIES = YES;
				CODE_SIGN_STYLE = Automatic;
				DEVELOPMENT_TEAM = 455K6552B4;
				INFOPLIST_FILE = timetrackerUITests/Info.plist;
				LD_RUNPATH_SEARCH_PATHS = (
					"$(inherited)",
					"@executable_path/Frameworks",
					"@loader_path/Frameworks",
				);
				PRODUCT_BUNDLE_IDENTIFIER = com.d4Rk.timetrackerUITests;
				PRODUCT_NAME = "$(TARGET_NAME)";
				SWIFT_VERSION = 5.0;
				TARGETED_DEVICE_FAMILY = "1,2";
				TEST_TARGET_NAME = timetracker;
			};
			name = Release;
		};
		8179B39F2528E08D00A537B7 /* Debug */ = {
			isa = XCBuildConfiguration;
			buildSettings = {
				ASSETCATALOG_COMPILER_COMPLICATION_NAME = Complication;
				CLANG_ENABLE_MODULES = YES;
				CODE_SIGN_STYLE = Automatic;
				DEVELOPMENT_ASSET_PATHS = "";
				DEVELOPMENT_TEAM = 455K6552B4;
				ENABLE_PREVIEWS = YES;
				INFOPLIST_FILE = "watch Extension/Info.plist";
				LD_RUNPATH_SEARCH_PATHS = (
					"$(inherited)",
					"@executable_path/Frameworks",
					"@executable_path/../../Frameworks",
				);
				PRODUCT_BUNDLE_IDENTIFIER = com.d4Rk.timetracker.watchkitapp.watchkitextension;
				PRODUCT_NAME = "${TARGET_NAME}";
				SDKROOT = watchos;
				SKIP_INSTALL = YES;
				SWIFT_OPTIMIZATION_LEVEL = "-Onone";
				SWIFT_VERSION = 5.0;
				TARGETED_DEVICE_FAMILY = 4;
				WATCHOS_DEPLOYMENT_TARGET = 7.0;
			};
			name = Debug;
		};
		8179B3A02528E08D00A537B7 /* Release */ = {
			isa = XCBuildConfiguration;
			buildSettings = {
				ASSETCATALOG_COMPILER_COMPLICATION_NAME = Complication;
				CLANG_ENABLE_MODULES = YES;
				CODE_SIGN_STYLE = Automatic;
				DEVELOPMENT_ASSET_PATHS = "";
				DEVELOPMENT_TEAM = 455K6552B4;
				ENABLE_PREVIEWS = YES;
				INFOPLIST_FILE = "watch Extension/Info.plist";
				LD_RUNPATH_SEARCH_PATHS = (
					"$(inherited)",
					"@executable_path/Frameworks",
					"@executable_path/../../Frameworks",
				);
				PRODUCT_BUNDLE_IDENTIFIER = com.d4Rk.timetracker.watchkitapp.watchkitextension;
				PRODUCT_NAME = "${TARGET_NAME}";
				SDKROOT = watchos;
				SKIP_INSTALL = YES;
				SWIFT_VERSION = 5.0;
				TARGETED_DEVICE_FAMILY = 4;
				WATCHOS_DEPLOYMENT_TARGET = 7.0;
			};
			name = Release;
		};
		8179B3A32528E08D00A537B7 /* Debug */ = {
			isa = XCBuildConfiguration;
			buildSettings = {
				ALWAYS_EMBED_SWIFT_STANDARD_LIBRARIES = YES;
				ASSETCATALOG_COMPILER_APPICON_NAME = AppIcon;
				ASSETCATALOG_COMPILER_GLOBAL_ACCENT_COLOR_NAME = AccentColor;
				CODE_SIGN_STYLE = Automatic;
				DEVELOPMENT_TEAM = 455K6552B4;
				IBSC_MODULE = watch_Extension;
				INFOPLIST_FILE = watch/Info.plist;
				PRODUCT_BUNDLE_IDENTIFIER = com.d4Rk.timetracker.watchkitapp;
				PRODUCT_NAME = "$(TARGET_NAME)";
				SDKROOT = watchos;
				SKIP_INSTALL = YES;
				SWIFT_VERSION = 5.0;
				TARGETED_DEVICE_FAMILY = 4;
				WATCHOS_DEPLOYMENT_TARGET = 7.0;
			};
			name = Debug;
		};
		8179B3A42528E08D00A537B7 /* Release */ = {
			isa = XCBuildConfiguration;
			buildSettings = {
				ALWAYS_EMBED_SWIFT_STANDARD_LIBRARIES = YES;
				ASSETCATALOG_COMPILER_APPICON_NAME = AppIcon;
				ASSETCATALOG_COMPILER_GLOBAL_ACCENT_COLOR_NAME = AccentColor;
				CODE_SIGN_STYLE = Automatic;
				DEVELOPMENT_TEAM = 455K6552B4;
				IBSC_MODULE = watch_Extension;
				INFOPLIST_FILE = watch/Info.plist;
				PRODUCT_BUNDLE_IDENTIFIER = com.d4Rk.timetracker.watchkitapp;
				PRODUCT_NAME = "$(TARGET_NAME)";
				SDKROOT = watchos;
				SKIP_INSTALL = YES;
				SWIFT_VERSION = 5.0;
				TARGETED_DEVICE_FAMILY = 4;
				WATCHOS_DEPLOYMENT_TARGET = 7.0;
			};
			name = Release;
		};
/* End XCBuildConfiguration section */

/* Begin XCConfigurationList section */
		814775172528E46400EDBE79 /* Build configuration list for PBXNativeTarget "widgetExtension" */ = {
			isa = XCConfigurationList;
			buildConfigurations = (
				814775152528E46400EDBE79 /* Debug */,
				814775162528E46400EDBE79 /* Release */,
			);
			defaultConfigurationIsVisible = 0;
			defaultConfigurationName = Release;
		};
		8179B26B2528DF7B00A537B7 /* Build configuration list for PBXProject "timetracker" */ = {
			isa = XCConfigurationList;
			buildConfigurations = (
				8179B2932528DF7C00A537B7 /* Debug */,
				8179B2942528DF7C00A537B7 /* Release */,
			);
			defaultConfigurationIsVisible = 0;
			defaultConfigurationName = Release;
		};
		8179B2952528DF7C00A537B7 /* Build configuration list for PBXNativeTarget "timetracker" */ = {
			isa = XCConfigurationList;
			buildConfigurations = (
				8179B2962528DF7C00A537B7 /* Debug */,
				8179B2972528DF7C00A537B7 /* Release */,
			);
			defaultConfigurationIsVisible = 0;
			defaultConfigurationName = Release;
		};
		8179B2982528DF7C00A537B7 /* Build configuration list for PBXNativeTarget "timetrackerTests" */ = {
			isa = XCConfigurationList;
			buildConfigurations = (
				8179B2992528DF7C00A537B7 /* Debug */,
				8179B29A2528DF7C00A537B7 /* Release */,
			);
			defaultConfigurationIsVisible = 0;
			defaultConfigurationName = Release;
		};
		8179B29B2528DF7C00A537B7 /* Build configuration list for PBXNativeTarget "timetrackerUITests" */ = {
			isa = XCConfigurationList;
			buildConfigurations = (
				8179B29C2528DF7C00A537B7 /* Debug */,
				8179B29D2528DF7C00A537B7 /* Release */,
			);
			defaultConfigurationIsVisible = 0;
			defaultConfigurationName = Release;
		};
		8179B39E2528E08D00A537B7 /* Build configuration list for PBXNativeTarget "watch Extension" */ = {
			isa = XCConfigurationList;
			buildConfigurations = (
				8179B39F2528E08D00A537B7 /* Debug */,
				8179B3A02528E08D00A537B7 /* Release */,
			);
			defaultConfigurationIsVisible = 0;
			defaultConfigurationName = Release;
		};
		8179B3A22528E08D00A537B7 /* Build configuration list for PBXNativeTarget "watch" */ = {
			isa = XCConfigurationList;
			buildConfigurations = (
				8179B3A32528E08D00A537B7 /* Debug */,
				8179B3A42528E08D00A537B7 /* Release */,
			);
			defaultConfigurationIsVisible = 0;
			defaultConfigurationName = Release;
		};
/* End XCConfigurationList section */

/* Begin XCRemoteSwiftPackageReference section */
		8179B4332528E25300A537B7 /* XCRemoteSwiftPackageReference "SwiftUIFlux" */ = {
			isa = XCRemoteSwiftPackageReference;
			repositoryURL = "https://github.com/Dimillian/SwiftUIFlux";
			requirement = {
				kind = upToNextMajorVersion;
				minimumVersion = 0.5.1;
			};
		};
		8179B4432528E2C800A537B7 /* XCRemoteSwiftPackageReference "PartialSheet" */ = {
			isa = XCRemoteSwiftPackageReference;
			repositoryURL = "https://github.com/AndreaMiotto/PartialSheet";
			requirement = {
				kind = upToNextMajorVersion;
				minimumVersion = 2.1.11;
			};
		};
/* End XCRemoteSwiftPackageReference section */

/* Begin XCSwiftPackageProductDependency section */
		8179B4342528E25300A537B7 /* SwiftUIFlux */ = {
			isa = XCSwiftPackageProductDependency;
			package = 8179B4332528E25300A537B7 /* XCRemoteSwiftPackageReference "SwiftUIFlux" */;
			productName = SwiftUIFlux;
		};
		8179B43C2528E25C00A537B7 /* SwiftUIFlux */ = {
			isa = XCSwiftPackageProductDependency;
			package = 8179B4332528E25300A537B7 /* XCRemoteSwiftPackageReference "SwiftUIFlux" */;
			productName = SwiftUIFlux;
		};
		8179B4442528E2C800A537B7 /* PartialSheet */ = {
			isa = XCSwiftPackageProductDependency;
			package = 8179B4432528E2C800A537B7 /* XCRemoteSwiftPackageReference "PartialSheet" */;
			productName = PartialSheet;
		};
/* End XCSwiftPackageProductDependency section */
	};
	rootObject = 8179B2682528DF7B00A537B7 /* Project object */;
}
