{
  "object": {
    "pins": [
      {
        "package": "PartialSheet",
        "repositoryURL": "https://github.com/AndreaMiotto/PartialSheet",
        "state": {
          "branch": null,
          "revision": "936465232b6399e402e79d5b031622af9a5e9960",
          "version": "2.1.11"
        }
      },
      {
        "package": "Introspect",
        "repositoryURL": "https://github.com/siteline/SwiftUI-Introspect.git",
        "state": {
          "branch": null,
          "revision": "f1ec9da347a7fbe53c520d35434f6c2295650bd5",
          "version": "0.1.1"
        }
      },
      {
        "package": "SwiftUIFlux",
        "repositoryURL": "https://github.com/Dimillian/SwiftUIFlux",
        "state": {
          "branch": null,
          "revision": "a48dd509702797028fa103844008239dded85063",
          "version": "0.5.1"
        }
      }
    ]
  },
  "version": 1
}
